
Microsoft Visual Studio Solution File, Format Version 12.00
# Visual Studio Version 18
VisualStudioVersion = 18.8.12023.21
MinimumVisualStudioVersion = 10.0.40219.1
Project("{2150E333-8FDC-42A3-9474-1A3956D46DE8}") = "src", "src", "{827E0CD3-B72D-47B6-A68D-7590B98EB39B}"
EndProject
Project("{2150E333-8FDC-42A3-9474-1A3956D46DE8}") = "Gateway", "Gateway", "{6306A8FB-679E-111F-6585-8F70E0EE6013}"
EndProject
Project("{FAE04EC0-301F-11D3-BF4B-00C04F79EFBC}") = "Edp.Gateway", "src\Gateway\Edp.Gateway\Edp.Gateway.csproj", "{98E25C14-EEB5-47D7-9854-C55B61ACB5FB}"
EndProject
Project("{2150E333-8FDC-42A3-9474-1A3956D46DE8}") = "Services", "Services", "{984BB9B3-3FA3-BE33-9484-CAC21695A33C}"
EndProject
Project("{2150E333-8FDC-42A3-9474-1A3956D46DE8}") = "Template", "Template", "{B2F6D6BC-2E0B-79A5-9616-960E114BE173}"
EndProject
Project("{FAE04EC0-301F-11D3-BF4B-00C04F79EFBC}") = "Edp.Template.Infrastructure", "src\Services\Template\Edp.Template.Infrastructure\Edp.Template.Infrastructure.csproj", "{A7F614A1-40FB-4FDF-A668-7E659D4343C2}"
EndProject
Project("{FAE04EC0-301F-11D3-BF4B-00C04F79EFBC}") = "Edp.Template.Application", "src\Services\Template\Edp.Template.Application\Edp.Template.Application.csproj", "{BE758335-7C4C-41C8-8858-FD5F8A8DAC3D}"
EndProject
Project("{FAE04EC0-301F-11D3-BF4B-00C04F79EFBC}") = "Edp.Template.Domain", "src\Services\Template\Edp.Template.Domain\Edp.Template.Domain.csproj", "{3ADBE76A-A423-4497-BD90-84A1C4B3699B}"
EndProject
Project("{2150E333-8FDC-42A3-9474-1A3956D46DE8}") = "Shared", "Shared", "{C8E42992-5E42-0C2B-DBFE-AA848D06431C}"
EndProject
Project("{FAE04EC0-301F-11D3-BF4B-00C04F79EFBC}") = "Edp.SharedKernel", "src\Shared\Edp.SharedKernel\Edp.SharedKernel.csproj", "{0ECAF9F9-0C6E-4AF5-89E6-46BC27407ADC}"
EndProject
Project("{FAE04EC0-301F-11D3-BF4B-00C04F79EFBC}") = "Edp.Shared.Contracts", "src\Shared\Edp.Shared.Contracts\Edp.Shared.Contracts.csproj", "{14CC216D-D62B-4EE1-BAB4-8D7BC28DA426}"
EndProject
Project("{FAE04EC0-301F-11D3-BF4B-00C04F79EFBC}") = "Edp.Shared.Messaging", "src\Shared\Edp.Shared.Messaging\Edp.Shared.Messaging.csproj", "{FAB7B26C-4BD2-4C02-89BE-F6CB8EAEFE96}"
EndProject
Project("{FAE04EC0-301F-11D3-BF4B-00C04F79EFBC}") = "Edp.Shared.Infrastructure", "src\Shared\Edp.Shared.Infrastructure\Edp.Shared.Infrastructure.csproj", "{3E5C8DF4-CECB-4263-860C-F56A8AC42F55}"
EndProject
Project("{FAE04EC0-301F-11D3-BF4B-00C04F79EFBC}") = "Edp.Shared.Security", "src\Shared\Edp.Shared.Security\Edp.Shared.Security.csproj", "{CC08E61D-15D1-4498-A3B7-08FA12EE22BA}"
EndProject
Project("{FAE04EC0-301F-11D3-BF4B-00C04F79EFBC}") = "Edp.Shared.Observability", "src\Shared\Edp.Shared.Observability\Edp.Shared.Observability.csproj", "{4B52C87B-410E-41B2-854C-7618A41856D1}"
EndProject
Project("{FAE04EC0-301F-11D3-BF4B-00C04F79EFBC}") = "Edp.Shared.Storage", "src\Shared\Edp.Shared.Storage\Edp.Shared.Storage.csproj", "{E354C44D-A9AA-430A-B1E1-D704B63F4349}"
EndProject
Project("{2150E333-8FDC-42A3-9474-1A3956D46DE8}") = "tests", "tests", "{0AB3BF05-4346-4AA6-1389-037BE0695223}"
EndProject
Project("{FAE04EC0-301F-11D3-BF4B-00C04F79EFBC}") = "Edp.Gateway.Tests", "tests\Edp.Gateway.Tests\Edp.Gateway.Tests.csproj", "{55F539B5-8D95-413B-A0D7-CF71E647EF3F}"
EndProject
Project("{FAE04EC0-301F-11D3-BF4B-00C04F79EFBC}") = "Edp.Identity.Tests", "tests\Edp.Identity.Tests\Edp.Identity.Tests.csproj", "{7BB1C61F-34A7-4F38-A5E0-44374401777F}"
EndProject
Project("{2150E333-8FDC-42A3-9474-1A3956D46DE8}") = "Identity", "Identity", "{1BFC9479-12BF-35C3-06B8-42D89D95092B}"
EndProject
Project("{FAE04EC0-301F-11D3-BF4B-00C04F79EFBC}") = "Edp.Identity.Api", "src\Services\Identity\Edp.Identity.Api\Edp.Identity.Api.csproj", "{560C57E3-0776-4DDA-9D49-ED7B21328A97}"
EndProject
Project("{FAE04EC0-301F-11D3-BF4B-00C04F79EFBC}") = "Edp.Identity.Infrastructure", "src\Services\Identity\Edp.Identity.Infrastructure\Edp.Identity.Infrastructure.csproj", "{CCAF938E-7FF1-4CB0-917E-609856401DB3}"
EndProject
Project("{FAE04EC0-301F-11D3-BF4B-00C04F79EFBC}") = "Edp.Identity.Application", "src\Services\Identity\Edp.Identity.Application\Edp.Identity.Application.csproj", "{055CFA82-5149-426B-BCDA-5640A4A4AD4E}"
EndProject
Project("{FAE04EC0-301F-11D3-BF4B-00C04F79EFBC}") = "Edp.Identity.Domain", "src\Services\Identity\Edp.Identity.Domain\Edp.Identity.Domain.csproj", "{70E7065A-F475-470D-AEB6-360815427BB9}"
EndProject
Project("{FAE04EC0-301F-11D3-BF4B-00C04F79EFBC}") = "Edp.Organization.Tests", "tests\Edp.Organization.Tests\Edp.Organization.Tests.csproj", "{446456ED-04BB-4477-9041-C9940C3647B4}"
EndProject
Project("{2150E333-8FDC-42A3-9474-1A3956D46DE8}") = "Organization", "Organization", "{946C6459-E9BE-82F4-B64C-18C7DF3C0D5C}"
EndProject
Project("{FAE04EC0-301F-11D3-BF4B-00C04F79EFBC}") = "Edp.Organization.Domain", "src\Services\Organization\Edp.Organization.Domain\Edp.Organization.Domain.csproj", "{39DEF277-2C18-4A57-93F6-C99276CCD17A}"
EndProject
Project("{FAE04EC0-301F-11D3-BF4B-00C04F79EFBC}") = "Edp.Organization.Application", "src\Services\Organization\Edp.Organization.Application\Edp.Organization.Application.csproj", "{5D74A9B3-26BB-470D-8F3C-ADE512C43DAA}"
EndProject
Project("{FAE04EC0-301F-11D3-BF4B-00C04F79EFBC}") = "Edp.Organization.Infrastructure", "src\Services\Organization\Edp.Organization.Infrastructure\Edp.Organization.Infrastructure.csproj", "{41459D52-0F72-49E9-A310-AAD4B43650C7}"
EndProject
Project("{FAE04EC0-301F-11D3-BF4B-00C04F79EFBC}") = "Edp.Organization.Api", "src\Services\Organization\Edp.Organization.Api\Edp.Organization.Api.csproj", "{2AC67F49-6A34-417C-856F-C9F5573EA8FC}"
EndProject
Project("{FAE04EC0-301F-11D3-BF4B-00C04F79EFBC}") = "Edp.Audit.Tests", "tests\Edp.Audit.Tests\Edp.Audit.Tests.csproj", "{A0DF8BCC-1EA9-4A0A-90C2-D2E81BD87520}"
EndProject
Project("{2150E333-8FDC-42A3-9474-1A3956D46DE8}") = "Audit", "Audit", "{92F42DAB-CD95-DEFE-A96E-37B7027D6435}"
EndProject
Project("{FAE04EC0-301F-11D3-BF4B-00C04F79EFBC}") = "Edp.Audit.Domain", "src\Services\Audit\Edp.Audit.Domain\Edp.Audit.Domain.csproj", "{B5286E58-772E-4111-8132-59999392B06C}"
EndProject
Project("{FAE04EC0-301F-11D3-BF4B-00C04F79EFBC}") = "Edp.Audit.Api", "src\Services\Audit\Edp.Audit.Api\Edp.Audit.Api.csproj", "{E326242F-6850-49C2-81F3-CC1D6BAF977B}"
EndProject
Project("{FAE04EC0-301F-11D3-BF4B-00C04F79EFBC}") = "Edp.Audit.Infrastructure", "src\Services\Audit\Edp.Audit.Infrastructure\Edp.Audit.Infrastructure.csproj", "{B2C53254-60EC-4C91-87FD-20306FC8FD7C}"
EndProject
Project("{FAE04EC0-301F-11D3-BF4B-00C04F79EFBC}") = "Edp.Audit.Application", "src\Services\Audit\Edp.Audit.Application\Edp.Audit.Application.csproj", "{3CB51794-933A-48A8-A3A4-6CB70DF43E34}"
EndProject
Project("{FAE04EC0-301F-11D3-BF4B-00C04F79EFBC}") = "Edp.Template.Tests", "tests\Edp.Template.Tests\Edp.Template.Tests.csproj", "{CA484A0C-4966-446B-A794-CC7DC4A0C1A4}"
EndProject
Project("{FAE04EC0-301F-11D3-BF4B-00C04F79EFBC}") = "Edp.Template.Api", "src\Services\Template\Edp.Template.Api\Edp.Template.Api.csproj", "{3C33E069-4EB0-5A0A-2543-0862A51A5286}"
EndProject
Global
	GlobalSection(SolutionConfigurationPlatforms) = preSolution
		Debug|Any CPU = Debug|Any CPU
		Debug|x64 = Debug|x64
		Debug|x86 = Debug|x86
		Release|Any CPU = Release|Any CPU
		Release|x64 = Release|x64
		Release|x86 = Release|x86
	EndGlobalSection
	GlobalSection(ProjectConfigurationPlatforms) = postSolution
		{98E25C14-EEB5-47D7-9854-C55B61ACB5FB}.Debug|Any CPU.ActiveCfg = Debug|Any CPU
		{98E25C14-EEB5-47D7-9854-C55B61ACB5FB}.Debug|Any CPU.Build.0 = Debug|Any CPU
		{98E25C14-EEB5-47D7-9854-C55B61ACB5FB}.Debug|x64.ActiveCfg = Debug|Any CPU
		{98E25C14-EEB5-47D7-9854-C55B61ACB5FB}.Debug|x64.Build.0 = Debug|Any CPU
		{98E25C14-EEB5-47D7-9854-C55B61ACB5FB}.Debug|x86.ActiveCfg = Debug|Any CPU
		{98E25C14-EEB5-47D7-9854-C55B61ACB5FB}.Debug|x86.Build.0 = Debug|Any CPU
		{98E25C14-EEB5-47D7-9854-C55B61ACB5FB}.Release|Any CPU.ActiveCfg = Release|Any CPU
		{98E25C14-EEB5-47D7-9854-C55B61ACB5FB}.Release|Any CPU.Build.0 = Release|Any CPU
		{98E25C14-EEB5-47D7-9854-C55B61ACB5FB}.Release|x64.ActiveCfg = Release|Any CPU
		{98E25C14-EEB5-47D7-9854-C55B61ACB5FB}.Release|x64.Build.0 = Release|Any CPU
		{98E25C14-EEB5-47D7-9854-C55B61ACB5FB}.Release|x86.ActiveCfg = Release|Any CPU
		{98E25C14-EEB5-47D7-9854-C55B61ACB5FB}.Release|x86.Build.0 = Release|Any CPU
		{A7F614A1-40FB-4FDF-A668-7E659D4343C2}.Debug|Any CPU.ActiveCfg = Debug|Any CPU
		{A7F614A1-40FB-4FDF-A668-7E659D4343C2}.Debug|Any CPU.Build.0 = Debug|Any CPU
		{A7F614A1-40FB-4FDF-A668-7E659D4343C2}.Debug|x64.ActiveCfg = Debug|Any CPU
		{A7F614A1-40FB-4FDF-A668-7E659D4343C2}.Debug|x64.Build.0 = Debug|Any CPU
		{A7F614A1-40FB-4FDF-A668-7E659D4343C2}.Debug|x86.ActiveCfg = Debug|Any CPU
		{A7F614A1-40FB-4FDF-A668-7E659D4343C2}.Debug|x86.Build.0 = Debug|Any CPU
		{A7F614A1-40FB-4FDF-A668-7E659D4343C2}.Release|Any CPU.ActiveCfg = Release|Any CPU
		{A7F614A1-40FB-4FDF-A668-7E659D4343C2}.Release|Any CPU.Build.0 = Release|Any CPU
		{A7F614A1-40FB-4FDF-A668-7E659D4343C2}.Release|x64.ActiveCfg = Release|Any CPU
		{A7F614A1-40FB-4FDF-A668-7E659D4343C2}.Release|x64.Build.0 = Release|Any CPU
		{A7F614A1-40FB-4FDF-A668-7E659D4343C2}.Release|x86.ActiveCfg = Release|Any CPU
		{A7F614A1-40FB-4FDF-A668-7E659D4343C2}.Release|x86.Build.0 = Release|Any CPU
		{BE758335-7C4C-41C8-8858-FD5F8A8DAC3D}.Debug|Any CPU.ActiveCfg = Debug|Any CPU
		{BE758335-7C4C-41C8-8858-FD5F8A8DAC3D}.Debug|Any CPU.Build.0 = Debug|Any CPU
		{BE758335-7C4C-41C8-8858-FD5F8A8DAC3D}.Debug|x64.ActiveCfg = Debug|Any CPU
		{BE758335-7C4C-41C8-8858-FD5F8A8DAC3D}.Debug|x64.Build.0 = Debug|Any CPU
		{BE758335-7C4C-41C8-8858-FD5F8A8DAC3D}.Debug|x86.ActiveCfg = Debug|Any CPU
		{BE758335-7C4C-41C8-8858-FD5F8A8DAC3D}.Debug|x86.Build.0 = Debug|Any CPU
		{BE758335-7C4C-41C8-8858-FD5F8A8DAC3D}.Release|Any CPU.ActiveCfg = Release|Any CPU
		{BE758335-7C4C-41C8-8858-FD5F8A8DAC3D}.Release|Any CPU.Build.0 = Release|Any CPU
		{BE758335-7C4C-41C8-8858-FD5F8A8DAC3D}.Release|x64.ActiveCfg = Release|Any CPU
		{BE758335-7C4C-41C8-8858-FD5F8A8DAC3D}.Release|x64.Build.0 = Release|Any CPU
		{BE758335-7C4C-41C8-8858-FD5F8A8DAC3D}.Release|x86.ActiveCfg = Release|Any CPU
		{BE758335-7C4C-41C8-8858-FD5F8A8DAC3D}.Release|x86.Build.0 = Release|Any CPU
		{3ADBE76A-A423-4497-BD90-84A1C4B3699B}.Debug|Any CPU.ActiveCfg = Debug|Any CPU
		{3ADBE76A-A423-4497-BD90-84A1C4B3699B}.Debug|Any CPU.Build.0 = Debug|Any CPU
		{3ADBE76A-A423-4497-BD90-84A1C4B3699B}.Debug|x64.ActiveCfg = Debug|Any CPU
		{3ADBE76A-A423-4497-BD90-84A1C4B3699B}.Debug|x64.Build.0 = Debug|Any CPU
		{3ADBE76A-A423-4497-BD90-84A1C4B3699B}.Debug|x86.ActiveCfg = Debug|Any CPU
		{3ADBE76A-A423-4497-BD90-84A1C4B3699B}.Debug|x86.Build.0 = Debug|Any CPU
		{3ADBE76A-A423-4497-BD90-84A1C4B3699B}.Release|Any CPU.ActiveCfg = Release|Any CPU
		{3ADBE76A-A423-4497-BD90-84A1C4B3699B}.Release|Any CPU.Build.0 = Release|Any CPU
		{3ADBE76A-A423-4497-BD90-84A1C4B3699B}.Release|x64.ActiveCfg = Release|Any CPU
		{3ADBE76A-A423-4497-BD90-84A1C4B3699B}.Release|x64.Build.0 = Release|Any CPU
		{3ADBE76A-A423-4497-BD90-84A1C4B3699B}.Release|x86.ActiveCfg = Release|Any CPU
		{3ADBE76A-A423-4497-BD90-84A1C4B3699B}.Release|x86.Build.0 = Release|Any CPU
		{0ECAF9F9-0C6E-4AF5-89E6-46BC27407ADC}.Debug|Any CPU.ActiveCfg = Debug|Any CPU
		{0ECAF9F9-0C6E-4AF5-89E6-46BC27407ADC}.Debug|Any CPU.Build.0 = Debug|Any CPU
		{0ECAF9F9-0C6E-4AF5-89E6-46BC27407ADC}.Debug|x64.ActiveCfg = Debug|Any CPU
		{0ECAF9F9-0C6E-4AF5-89E6-46BC27407ADC}.Debug|x64.Build.0 = Debug|Any CPU
		{0ECAF9F9-0C6E-4AF5-89E6-46BC27407ADC}.Debug|x86.ActiveCfg = Debug|Any CPU
		{0ECAF9F9-0C6E-4AF5-89E6-46BC27407ADC}.Debug|x86.Build.0 = Debug|Any CPU
		{0ECAF9F9-0C6E-4AF5-89E6-46BC27407ADC}.Release|Any CPU.ActiveCfg = Release|Any CPU
		{0ECAF9F9-0C6E-4AF5-89E6-46BC27407ADC}.Release|Any CPU.Build.0 = Release|Any CPU
		{0ECAF9F9-0C6E-4AF5-89E6-46BC27407ADC}.Release|x64.ActiveCfg = Release|Any CPU
		{0ECAF9F9-0C6E-4AF5-89E6-46BC27407ADC}.Release|x64.Build.0 = Release|Any CPU
		{0ECAF9F9-0C6E-4AF5-89E6-46BC27407ADC}.Release|x86.ActiveCfg = Release|Any CPU
		{0ECAF9F9-0C6E-4AF5-89E6-46BC27407ADC}.Release|x86.Build.0 = Release|Any CPU
		{14CC216D-D62B-4EE1-BAB4-8D7BC28DA426}.Debug|Any CPU.ActiveCfg = Debug|Any CPU
		{14CC216D-D62B-4EE1-BAB4-8D7BC28DA426}.Debug|Any CPU.Build.0 = Debug|Any CPU
		{14CC216D-D62B-4EE1-BAB4-8D7BC28DA426}.Debug|x64.ActiveCfg = Debug|Any CPU
		{14CC216D-D62B-4EE1-BAB4-8D7BC28DA426}.Debug|x64.Build.0 = Debug|Any CPU
		{14CC216D-D62B-4EE1-BAB4-8D7BC28DA426}.Debug|x86.ActiveCfg = Debug|Any CPU
		{14CC216D-D62B-4EE1-BAB4-8D7BC28DA426}.Debug|x86.Build.0 = Debug|Any CPU
		{14CC216D-D62B-4EE1-BAB4-8D7BC28DA426}.Release|Any CPU.ActiveCfg = Release|Any CPU
		{14CC216D-D62B-4EE1-BAB4-8D7BC28DA426}.Release|Any CPU.Build.0 = Release|Any CPU
		{14CC216D-D62B-4EE1-BAB4-8D7BC28DA426}.Release|x64.ActiveCfg = Release|Any CPU
		{14CC216D-D62B-4EE1-BAB4-8D7BC28DA426}.Release|x64.Build.0 = Release|Any CPU
		{14CC216D-D62B-4EE1-BAB4-8D7BC28DA426}.Release|x86.ActiveCfg = Release|Any CPU
		{14CC216D-D62B-4EE1-BAB4-8D7BC28DA426}.Release|x86.Build.0 = Release|Any CPU
		{FAB7B26C-4BD2-4C02-89BE-F6CB8EAEFE96}.Debug|Any CPU.ActiveCfg = Debug|Any CPU
		{FAB7B26C-4BD2-4C02-89BE-F6CB8EAEFE96}.Debug|Any CPU.Build.0 = Debug|Any CPU
		{FAB7B26C-4BD2-4C02-89BE-F6CB8EAEFE96}.Debug|x64.ActiveCfg = Debug|Any CPU
		{FAB7B26C-4BD2-4C02-89BE-F6CB8EAEFE96}.Debug|x64.Build.0 = Debug|Any CPU
		{FAB7B26C-4BD2-4C02-89BE-F6CB8EAEFE96}.Debug|x86.ActiveCfg = Debug|Any CPU
		{FAB7B26C-4BD2-4C02-89BE-F6CB8EAEFE96}.Debug|x86.Build.0 = Debug|Any CPU
		{FAB7B26C-4BD2-4C02-89BE-F6CB8EAEFE96}.Release|Any CPU.ActiveCfg = Release|Any CPU
		{FAB7B26C-4BD2-4C02-89BE-F6CB8EAEFE96}.Release|Any CPU.Build.0 = Release|Any CPU
		{FAB7B26C-4BD2-4C02-89BE-F6CB8EAEFE96}.Release|x64.ActiveCfg = Release|Any CPU
		{FAB7B26C-4BD2-4C02-89BE-F6CB8EAEFE96}.Release|x64.Build.0 = Release|Any CPU
		{FAB7B26C-4BD2-4C02-89BE-F6CB8EAEFE96}.Release|x86.ActiveCfg = Release|Any CPU
		{FAB7B26C-4BD2-4C02-89BE-F6CB8EAEFE96}.Release|x86.Build.0 = Release|Any CPU
		{3E5C8DF4-CECB-4263-860C-F56A8AC42F55}.Debug|Any CPU.ActiveCfg = Debug|Any CPU
		{3E5C8DF4-CECB-4263-860C-F56A8AC42F55}.Debug|Any CPU.Build.0 = Debug|Any CPU
		{3E5C8DF4-CECB-4263-860C-F56A8AC42F55}.Debug|x64.ActiveCfg = Debug|Any CPU
		{3E5C8DF4-CECB-4263-860C-F56A8AC42F55}.Debug|x64.Build.0 = Debug|Any CPU
		{3E5C8DF4-CECB-4263-860C-F56A8AC42F55}.Debug|x86.ActiveCfg = Debug|Any CPU
		{3E5C8DF4-CECB-4263-860C-F56A8AC42F55}.Debug|x86.Build.0 = Debug|Any CPU
		{3E5C8DF4-CECB-4263-860C-F56A8AC42F55}.Release|Any CPU.ActiveCfg = Release|Any CPU
		{3E5C8DF4-CECB-4263-860C-F56A8AC42F55}.Release|Any CPU.Build.0 = Release|Any CPU
		{3E5C8DF4-CECB-4263-860C-F56A8AC42F55}.Release|x64.ActiveCfg = Release|Any CPU
		{3E5C8DF4-CECB-4263-860C-F56A8AC42F55}.Release|x64.Build.0 = Release|Any CPU
		{3E5C8DF4-CECB-4263-860C-F56A8AC42F55}.Release|x86.ActiveCfg = Release|Any CPU
		{3E5C8DF4-CECB-4263-860C-F56A8AC42F55}.Release|x86.Build.0 = Release|Any CPU
		{CC08E61D-15D1-4498-A3B7-08FA12EE22BA}.Debug|Any CPU.ActiveCfg = Debug|Any CPU
		{CC08E61D-15D1-4498-A3B7-08FA12EE22BA}.Debug|Any CPU.Build.0 = Debug|Any CPU
		{CC08E61D-15D1-4498-A3B7-08FA12EE22BA}.Debug|x64.ActiveCfg = Debug|Any CPU
		{CC08E61D-15D1-4498-A3B7-08FA12EE22BA}.Debug|x64.Build.0 = Debug|Any CPU
		{CC08E61D-15D1-4498-A3B7-08FA12EE22BA}.Debug|x86.ActiveCfg = Debug|Any CPU
		{CC08E61D-15D1-4498-A3B7-08FA12EE22BA}.Debug|x86.Build.0 = Debug|Any CPU
		{CC08E61D-15D1-4498-A3B7-08FA12EE22BA}.Release|Any CPU.ActiveCfg = Release|Any CPU
		{CC08E61D-15D1-4498-A3B7-08FA12EE22BA}.Release|Any CPU.Build.0 = Release|Any CPU
		{CC08E61D-15D1-4498-A3B7-08FA12EE22BA}.Release|x64.ActiveCfg = Release|Any CPU
		{CC08E61D-15D1-4498-A3B7-08FA12EE22BA}.Release|x64.Build.0 = Release|Any CPU
		{CC08E61D-15D1-4498-A3B7-08FA12EE22BA}.Release|x86.ActiveCfg = Release|Any CPU
		{CC08E61D-15D1-4498-A3B7-08FA12EE22BA}.Release|x86.Build.0 = Release|Any CPU
		{4B52C87B-410E-41B2-854C-7618A41856D1}.Debug|Any CPU.ActiveCfg = Debug|Any CPU
		{4B52C87B-410E-41B2-854C-7618A41856D1}.Debug|Any CPU.Build.0 = Debug|Any CPU
		{4B52C87B-410E-41B2-854C-7618A41856D1}.Debug|x64.ActiveCfg = Debug|Any CPU
		{4B52C87B-410E-41B2-854C-7618A41856D1}.Debug|x64.Build.0 = Debug|Any CPU
		{4B52C87B-410E-41B2-854C-7618A41856D1}.Debug|x86.ActiveCfg = Debug|Any CPU
		{4B52C87B-410E-41B2-854C-7618A41856D1}.Debug|x86.Build.0 = Debug|Any CPU
		{4B52C87B-410E-41B2-854C-7618A41856D1}.Release|Any CPU.ActiveCfg = Release|Any CPU
		{4B52C87B-410E-41B2-854C-7618A41856D1}.Release|Any CPU.Build.0 = Release|Any CPU
		{4B52C87B-410E-41B2-854C-7618A41856D1}.Release|x64.ActiveCfg = Release|Any CPU
		{4B52C87B-410E-41B2-854C-7618A41856D1}.Release|x64.Build.0 = Release|Any CPU
		{4B52C87B-410E-41B2-854C-7618A41856D1}.Release|x86.ActiveCfg = Release|Any CPU
		{4B52C87B-410E-41B2-854C-7618A41856D1}.Release|x86.Build.0 = Release|Any CPU
		{E354C44D-A9AA-430A-B1E1-D704B63F4349}.Debug|Any CPU.ActiveCfg = Debug|Any CPU
		{E354C44D-A9AA-430A-B1E1-D704B63F4349}.Debug|Any CPU.Build.0 = Debug|Any CPU
		{E354C44D-A9AA-430A-B1E1-D704B63F4349}.Debug|x64.ActiveCfg = Debug|Any CPU
		{E354C44D-A9AA-430A-B1E1-D704B63F4349}.Debug|x64.Build.0 = Debug|Any CPU
		{E354C44D-A9AA-430A-B1E1-D704B63F4349}.Debug|x86.ActiveCfg = Debug|Any CPU
		{E354C44D-A9AA-430A-B1E1-D704B63F4349}.Debug|x86.Build.0 = Debug|Any CPU
		{E354C44D-A9AA-430A-B1E1-D704B63F4349}.Release|Any CPU.ActiveCfg = Release|Any CPU
		{E354C44D-A9AA-430A-B1E1-D704B63F4349}.Release|Any CPU.Build.0 = Release|Any CPU
		{E354C44D-A9AA-430A-B1E1-D704B63F4349}.Release|x64.ActiveCfg = Release|Any CPU
		{E354C44D-A9AA-430A-B1E1-D704B63F4349}.Release|x64.Build.0 = Release|Any CPU
		{E354C44D-A9AA-430A-B1E1-D704B63F4349}.Release|x86.ActiveCfg = Release|Any CPU
		{E354C44D-A9AA-430A-B1E1-D704B63F4349}.Release|x86.Build.0 = Release|Any CPU
		{55F539B5-8D95-413B-A0D7-CF71E647EF3F}.Debug|Any CPU.ActiveCfg = Debug|Any CPU
		{55F539B5-8D95-413B-A0D7-CF71E647EF3F}.Debug|Any CPU.Build.0 = Debug|Any CPU
		{55F539B5-8D95-413B-A0D7-CF71E647EF3F}.Debug|x64.ActiveCfg = Debug|Any CPU
		{55F539B5-8D95-413B-A0D7-CF71E647EF3F}.Debug|x64.Build.0 = Debug|Any CPU
		{55F539B5-8D95-413B-A0D7-CF71E647EF3F}.Debug|x86.ActiveCfg = Debug|Any CPU
		{55F539B5-8D95-413B-A0D7-CF71E647EF3F}.Debug|x86.Build.0 = Debug|Any CPU
		{55F539B5-8D95-413B-A0D7-CF71E647EF3F}.Release|Any CPU.ActiveCfg = Release|Any CPU
		{55F539B5-8D95-413B-A0D7-CF71E647EF3F}.Release|Any CPU.Build.0 = Release|Any CPU
		{55F539B5-8D95-413B-A0D7-CF71E647EF3F}.Release|x64.ActiveCfg = Release|Any CPU
		{55F539B5-8D95-413B-A0D7-CF71E647EF3F}.Release|x64.Build.0 = Release|Any CPU
		{55F539B5-8D95-413B-A0D7-CF71E647EF3F}.Release|x86.ActiveCfg = Release|Any CPU
		{55F539B5-8D95-413B-A0D7-CF71E647EF3F}.Release|x86.Build.0 = Release|Any CPU
		{7BB1C61F-34A7-4F38-A5E0-44374401777F}.Debug|Any CPU.ActiveCfg = Debug|Any CPU
		{7BB1C61F-34A7-4F38-A5E0-44374401777F}.Debug|Any CPU.Build.0 = Debug|Any CPU
		{7BB1C61F-34A7-4F38-A5E0-44374401777F}.Debug|x64.ActiveCfg = Debug|Any CPU
		{7BB1C61F-34A7-4F38-A5E0-44374401777F}.Debug|x64.Build.0 = Debug|Any CPU
		{7BB1C61F-34A7-4F38-A5E0-44374401777F}.Debug|x86.ActiveCfg = Debug|Any CPU
		{7BB1C61F-34A7-4F38-A5E0-44374401777F}.Debug|x86.Build.0 = Debug|Any CPU
		{7BB1C61F-34A7-4F38-A5E0-44374401777F}.Release|Any CPU.ActiveCfg = Release|Any CPU
		{7BB1C61F-34A7-4F38-A5E0-44374401777F}.Release|Any CPU.Build.0 = Release|Any CPU
		{7BB1C61F-34A7-4F38-A5E0-44374401777F}.Release|x64.ActiveCfg = Release|Any CPU
		{7BB1C61F-34A7-4F38-A5E0-44374401777F}.Release|x64.Build.0 = Release|Any CPU
		{7BB1C61F-34A7-4F38-A5E0-44374401777F}.Release|x86.ActiveCfg = Release|Any CPU
		{7BB1C61F-34A7-4F38-A5E0-44374401777F}.Release|x86.Build.0 = Release|Any CPU
		{560C57E3-0776-4DDA-9D49-ED7B21328A97}.Debug|Any CPU.ActiveCfg = Debug|Any CPU
		{560C57E3-0776-4DDA-9D49-ED7B21328A97}.Debug|Any CPU.Build.0 = Debug|Any CPU
		{560C57E3-0776-4DDA-9D49-ED7B21328A97}.Debug|x64.ActiveCfg = Debug|Any CPU
		{560C57E3-0776-4DDA-9D49-ED7B21328A97}.Debug|x64.Build.0 = Debug|Any CPU
		{560C57E3-0776-4DDA-9D49-ED7B21328A97}.Debug|x86.ActiveCfg = Debug|Any CPU
		{560C57E3-0776-4DDA-9D49-ED7B21328A97}.Debug|x86.Build.0 = Debug|Any CPU
		{560C57E3-0776-4DDA-9D49-ED7B21328A97}.Release|Any CPU.ActiveCfg = Release|Any CPU
		{560C57E3-0776-4DDA-9D49-ED7B21328A97}.Release|Any CPU.Build.0 = Release|Any CPU
		{560C57E3-0776-4DDA-9D49-ED7B21328A97}.Release|x64.ActiveCfg = Release|Any CPU
		{560C57E3-0776-4DDA-9D49-ED7B21328A97}.Release|x64.Build.0 = Release|Any CPU
		{560C57E3-0776-4DDA-9D49-ED7B21328A97}.Release|x86.ActiveCfg = Release|Any CPU
		{560C57E3-0776-4DDA-9D49-ED7B21328A97}.Release|x86.Build.0 = Release|Any CPU
		{CCAF938E-7FF1-4CB0-917E-609856401DB3}.Debug|Any CPU.ActiveCfg = Debug|Any CPU
		{CCAF938E-7FF1-4CB0-917E-609856401DB3}.Debug|Any CPU.Build.0 = Debug|Any CPU
		{CCAF938E-7FF1-4CB0-917E-609856401DB3}.Debug|x64.ActiveCfg = Debug|Any CPU
		{CCAF938E-7FF1-4CB0-917E-609856401DB3}.Debug|x64.Build.0 = Debug|Any CPU
		{CCAF938E-7FF1-4CB0-917E-609856401DB3}.Debug|x86.ActiveCfg = Debug|Any CPU
		{CCAF938E-7FF1-4CB0-917E-609856401DB3}.Debug|x86.Build.0 = Debug|Any CPU
		{CCAF938E-7FF1-4CB0-917E-609856401DB3}.Release|Any CPU.ActiveCfg = Release|Any CPU
		{CCAF938E-7FF1-4CB0-917E-609856401DB3}.Release|Any CPU.Build.0 = Release|Any CPU
		{CCAF938E-7FF1-4CB0-917E-609856401DB3}.Release|x64.ActiveCfg = Release|Any CPU
		{CCAF938E-7FF1-4CB0-917E-609856401DB3}.Release|x64.Build.0 = Release|Any CPU
		{CCAF938E-7FF1-4CB0-917E-609856401DB3}.Release|x86.ActiveCfg = Release|Any CPU
		{CCAF938E-7FF1-4CB0-917E-609856401DB3}.Release|x86.Build.0 = Release|Any CPU
		{055CFA82-5149-426B-BCDA-5640A4A4AD4E}.Debug|Any CPU.ActiveCfg = Debug|Any CPU
		{055CFA82-5149-426B-BCDA-5640A4A4AD4E}.Debug|Any CPU.Build.0 = Debug|Any CPU
		{055CFA82-5149-426B-BCDA-5640A4A4AD4E}.Debug|x64.ActiveCfg = Debug|Any CPU
		{055CFA82-5149-426B-BCDA-5640A4A4AD4E}.Debug|x64.Build.0 = Debug|Any CPU
		{055CFA82-5149-426B-BCDA-5640A4A4AD4E}.Debug|x86.ActiveCfg = Debug|Any CPU
		{055CFA82-5149-426B-BCDA-5640A4A4AD4E}.Debug|x86.Build.0 = Debug|Any CPU
		{055CFA82-5149-426B-BCDA-5640A4A4AD4E}.Release|Any CPU.ActiveCfg = Release|Any CPU
		{055CFA82-5149-426B-BCDA-5640A4A4AD4E}.Release|Any CPU.Build.0 = Release|Any CPU
		{055CFA82-5149-426B-BCDA-5640A4A4AD4E}.Release|x64.ActiveCfg = Release|Any CPU
		{055CFA82-5149-426B-BCDA-5640A4A4AD4E}.Release|x64.Build.0 = Release|Any CPU
		{055CFA82-5149-426B-BCDA-5640A4A4AD4E}.Release|x86.ActiveCfg = Release|Any CPU
		{055CFA82-5149-426B-BCDA-5640A4A4AD4E}.Release|x86.Build.0 = Release|Any CPU
		{70E7065A-F475-470D-AEB6-360815427BB9}.Debug|Any CPU.ActiveCfg = Debug|Any CPU
		{70E7065A-F475-470D-AEB6-360815427BB9}.Debug|Any CPU.Build.0 = Debug|Any CPU
		{70E7065A-F475-470D-AEB6-360815427BB9}.Debug|x64.ActiveCfg = Debug|Any CPU
		{70E7065A-F475-470D-AEB6-360815427BB9}.Debug|x64.Build.0 = Debug|Any CPU
		{70E7065A-F475-470D-AEB6-360815427BB9}.Debug|x86.ActiveCfg = Debug|Any CPU
		{70E7065A-F475-470D-AEB6-360815427BB9}.Debug|x86.Build.0 = Debug|Any CPU
		{70E7065A-F475-470D-AEB6-360815427BB9}.Release|Any CPU.ActiveCfg = Release|Any CPU
		{70E7065A-F475-470D-AEB6-360815427BB9}.Release|Any CPU.Build.0 = Release|Any CPU
		{70E7065A-F475-470D-AEB6-360815427BB9}.Release|x64.ActiveCfg = Release|Any CPU
		{70E7065A-F475-470D-AEB6-360815427BB9}.Release|x64.Build.0 = Release|Any CPU
		{70E7065A-F475-470D-AEB6-360815427BB9}.Release|x86.ActiveCfg = Release|Any CPU
		{70E7065A-F475-470D-AEB6-360815427BB9}.Release|x86.Build.0 = Release|Any CPU
		{446456ED-04BB-4477-9041-C9940C3647B4}.Debug|Any CPU.ActiveCfg = Debug|Any CPU
		{446456ED-04BB-4477-9041-C9940C3647B4}.Debug|Any CPU.Build.0 = Debug|Any CPU
		{446456ED-04BB-4477-9041-C9940C3647B4}.Debug|x64.ActiveCfg = Debug|Any CPU
		{446456ED-04BB-4477-9041-C9940C3647B4}.Debug|x64.Build.0 = Debug|Any CPU
		{446456ED-04BB-4477-9041-C9940C3647B4}.Debug|x86.ActiveCfg = Debug|Any CPU
		{446456ED-04BB-4477-9041-C9940C3647B4}.Debug|x86.Build.0 = Debug|Any CPU
		{446456ED-04BB-4477-9041-C9940C3647B4}.Release|Any CPU.ActiveCfg = Release|Any CPU
		{446456ED-04BB-4477-9041-C9940C3647B4}.Release|Any CPU.Build.0 = Release|Any CPU
		{446456ED-04BB-4477-9041-C9940C3647B4}.Release|x64.ActiveCfg = Release|Any CPU
		{446456ED-04BB-4477-9041-C9940C3647B4}.Release|x64.Build.0 = Release|Any CPU
		{446456ED-04BB-4477-9041-C9940C3647B4}.Release|x86.ActiveCfg = Release|Any CPU
		{446456ED-04BB-4477-9041-C9940C3647B4}.Release|x86.Build.0 = Release|Any CPU
		{39DEF277-2C18-4A57-93F6-C99276CCD17A}.Debug|Any CPU.ActiveCfg = Debug|Any CPU
		{39DEF277-2C18-4A57-93F6-C99276CCD17A}.Debug|Any CPU.Build.0 = Debug|Any CPU
		{39DEF277-2C18-4A57-93F6-C99276CCD17A}.Debug|x64.ActiveCfg = Debug|Any CPU
		{39DEF277-2C18-4A57-93F6-C99276CCD17A}.Debug|x64.Build.0 = Debug|Any CPU
		{39DEF277-2C18-4A57-93F6-C99276CCD17A}.Debug|x86.ActiveCfg = Debug|Any CPU
		{39DEF277-2C18-4A57-93F6-C99276CCD17A}.Debug|x86.Build.0 = Debug|Any CPU
		{39DEF277-2C18-4A57-93F6-C99276CCD17A}.Release|Any CPU.ActiveCfg = Release|Any CPU
		{39DEF277-2C18-4A57-93F6-C99276CCD17A}.Release|Any CPU.Build.0 = Release|Any CPU
		{39DEF277-2C18-4A57-93F6-C99276CCD17A}.Release|x64.ActiveCfg = Release|Any CPU
		{39DEF277-2C18-4A57-93F6-C99276CCD17A}.Release|x64.Build.0 = Release|Any CPU
		{39DEF277-2C18-4A57-93F6-C99276CCD17A}.Release|x86.ActiveCfg = Release|Any CPU
		{39DEF277-2C18-4A57-93F6-C99276CCD17A}.Release|x86.Build.0 = Release|Any CPU
		{5D74A9B3-26BB-470D-8F3C-ADE512C43DAA}.Debug|Any CPU.ActiveCfg = Debug|Any CPU
		{5D74A9B3-26BB-470D-8F3C-ADE512C43DAA}.Debug|Any CPU.Build.0 = Debug|Any CPU
		{5D74A9B3-26BB-470D-8F3C-ADE512C43DAA}.Debug|x64.ActiveCfg = Debug|Any CPU
		{5D74A9B3-26BB-470D-8F3C-ADE512C43DAA}.Debug|x64.Build.0 = Debug|Any CPU
		{5D74A9B3-26BB-470D-8F3C-ADE512C43DAA}.Debug|x86.ActiveCfg = Debug|Any CPU
		{5D74A9B3-26BB-470D-8F3C-ADE512C43DAA}.Debug|x86.Build.0 = Debug|Any CPU
		{5D74A9B3-26BB-470D-8F3C-ADE512C43DAA}.Release|Any CPU.ActiveCfg = Release|Any CPU
		{5D74A9B3-26BB-470D-8F3C-ADE512C43DAA}.Release|Any CPU.Build.0 = Release|Any CPU
		{5D74A9B3-26BB-470D-8F3C-ADE512C43DAA}.Release|x64.ActiveCfg = Release|Any CPU
		{5D74A9B3-26BB-470D-8F3C-ADE512C43DAA}.Release|x64.Build.0 = Release|Any CPU
		{5D74A9B3-26BB-470D-8F3C-ADE512C43DAA}.Release|x86.ActiveCfg = Release|Any CPU
		{5D74A9B3-26BB-470D-8F3C-ADE512C43DAA}.Release|x86.Build.0 = Release|Any CPU
		{41459D52-0F72-49E9-A310-AAD4B43650C7}.Debug|Any CPU.ActiveCfg = Debug|Any CPU
		{41459D52-0F72-49E9-A310-AAD4B43650C7}.Debug|Any CPU.Build.0 = Debug|Any CPU
		{41459D52-0F72-49E9-A310-AAD4B43650C7}.Debug|x64.ActiveCfg = Debug|Any CPU
		{41459D52-0F72-49E9-A310-AAD4B43650C7}.Debug|x64.Build.0 = Debug|Any CPU
		{41459D52-0F72-49E9-A310-AAD4B43650C7}.Debug|x86.ActiveCfg = Debug|Any CPU
		{41459D52-0F72-49E9-A310-AAD4B43650C7}.Debug|x86.Build.0 = Debug|Any CPU
		{41459D52-0F72-49E9-A310-AAD4B43650C7}.Release|Any CPU.ActiveCfg = Release|Any CPU
		{41459D52-0F72-49E9-A310-AAD4B43650C7}.Release|Any CPU.Build.0 = Release|Any CPU
		{41459D52-0F72-49E9-A310-AAD4B43650C7}.Release|x64.ActiveCfg = Release|Any CPU
		{41459D52-0F72-49E9-A310-AAD4B43650C7}.Release|x64.Build.0 = Release|Any CPU
		{41459D52-0F72-49E9-A310-AAD4B43650C7}.Release|x86.ActiveCfg = Release|Any CPU
		{41459D52-0F72-49E9-A310-AAD4B43650C7}.Release|x86.Build.0 = Release|Any CPU
		{2AC67F49-6A34-417C-856F-C9F5573EA8FC}.Debug|Any CPU.ActiveCfg = Debug|Any CPU
		{2AC67F49-6A34-417C-856F-C9F5573EA8FC}.Debug|Any CPU.Build.0 = Debug|Any CPU
		{2AC67F49-6A34-417C-856F-C9F5573EA8FC}.Debug|x64.ActiveCfg = Debug|Any CPU
		{2AC67F49-6A34-417C-856F-C9F5573EA8FC}.Debug|x64.Build.0 = Debug|Any CPU
		{2AC67F49-6A34-417C-856F-C9F5573EA8FC}.Debug|x86.ActiveCfg = Debug|Any CPU
		{2AC67F49-6A34-417C-856F-C9F5573EA8FC}.Debug|x86.Build.0 = Debug|Any CPU
		{2AC67F49-6A34-417C-856F-C9F5573EA8FC}.Release|Any CPU.ActiveCfg = Release|Any CPU
		{2AC67F49-6A34-417C-856F-C9F5573EA8FC}.Release|Any CPU.Build.0 = Release|Any CPU
		{2AC67F49-6A34-417C-856F-C9F5573EA8FC}.Release|x64.ActiveCfg = Release|Any CPU
		{2AC67F49-6A34-417C-856F-C9F5573EA8FC}.Release|x64.Build.0 = Release|Any CPU
		{2AC67F49-6A34-417C-856F-C9F5573EA8FC}.Release|x86.ActiveCfg = Release|Any CPU
		{2AC67F49-6A34-417C-856F-C9F5573EA8FC}.Release|x86.Build.0 = Release|Any CPU
		{A0DF8BCC-1EA9-4A0A-90C2-D2E81BD87520}.Debug|Any CPU.ActiveCfg = Debug|Any CPU
		{A0DF8BCC-1EA9-4A0A-90C2-D2E81BD87520}.Debug|Any CPU.Build.0 = Debug|Any CPU
		{A0DF8BCC-1EA9-4A0A-90C2-D2E81BD87520}.Debug|x64.ActiveCfg = Debug|Any CPU
		{A0DF8BCC-1EA9-4A0A-90C2-D2E81BD87520}.Debug|x64.Build.0 = Debug|Any CPU
		{A0DF8BCC-1EA9-4A0A-90C2-D2E81BD87520}.Debug|x86.ActiveCfg = Debug|Any CPU
		{A0DF8BCC-1EA9-4A0A-90C2-D2E81BD87520}.Debug|x86.Build.0 = Debug|Any CPU
		{A0DF8BCC-1EA9-4A0A-90C2-D2E81BD87520}.Release|Any CPU.ActiveCfg = Release|Any CPU
		{A0DF8BCC-1EA9-4A0A-90C2-D2E81BD87520}.Release|Any CPU.Build.0 = Release|Any CPU
		{A0DF8BCC-1EA9-4A0A-90C2-D2E81BD87520}.Release|x64.ActiveCfg = Release|Any CPU
		{A0DF8BCC-1EA9-4A0A-90C2-D2E81BD87520}.Release|x64.Build.0 = Release|Any CPU
		{A0DF8BCC-1EA9-4A0A-90C2-D2E81BD87520}.Release|x86.ActiveCfg = Release|Any CPU
		{A0DF8BCC-1EA9-4A0A-90C2-D2E81BD87520}.Release|x86.Build.0 = Release|Any CPU
		{B5286E58-772E-4111-8132-59999392B06C}.Debug|Any CPU.ActiveCfg = Debug|Any CPU
		{B5286E58-772E-4111-8132-59999392B06C}.Debug|Any CPU.Build.0 = Debug|Any CPU
		{B5286E58-772E-4111-8132-59999392B06C}.Debug|x64.ActiveCfg = Debug|Any CPU
		{B5286E58-772E-4111-8132-59999392B06C}.Debug|x64.Build.0 = Debug|Any CPU
		{B5286E58-772E-4111-8132-59999392B06C}.Debug|x86.ActiveCfg = Debug|Any CPU
		{B5286E58-772E-4111-8132-59999392B06C}.Debug|x86.Build.0 = Debug|Any CPU
		{B5286E58-772E-4111-8132-59999392B06C}.Release|Any CPU.ActiveCfg = Release|Any CPU
		{B5286E58-772E-4111-8132-59999392B06C}.Release|Any CPU.Build.0 = Release|Any CPU
		{B5286E58-772E-4111-8132-59999392B06C}.Release|x64.ActiveCfg = Release|Any CPU
		{B5286E58-772E-4111-8132-59999392B06C}.Release|x64.Build.0 = Release|Any CPU
		{B5286E58-772E-4111-8132-59999392B06C}.Release|x86.ActiveCfg = Release|Any CPU
		{B5286E58-772E-4111-8132-59999392B06C}.Release|x86.Build.0 = Release|Any CPU
		{E326242F-6850-49C2-81F3-CC1D6BAF977B}.Debug|Any CPU.ActiveCfg = Debug|Any CPU
		{E326242F-6850-49C2-81F3-CC1D6BAF977B}.Debug|Any CPU.Build.0 = Debug|Any CPU
		{E326242F-6850-49C2-81F3-CC1D6BAF977B}.Debug|x64.ActiveCfg = Debug|Any CPU
		{E326242F-6850-49C2-81F3-CC1D6BAF977B}.Debug|x64.Build.0 = Debug|Any CPU
		{E326242F-6850-49C2-81F3-CC1D6BAF977B}.Debug|x86.ActiveCfg = Debug|Any CPU
		{E326242F-6850-49C2-81F3-CC1D6BAF977B}.Debug|x86.Build.0 = Debug|Any CPU
		{E326242F-6850-49C2-81F3-CC1D6BAF977B}.Release|Any CPU.ActiveCfg = Release|Any CPU
		{E326242F-6850-49C2-81F3-CC1D6BAF977B}.Release|Any CPU.Build.0 = Release|Any CPU
		{E326242F-6850-49C2-81F3-CC1D6BAF977B}.Release|x64.ActiveCfg = Release|Any CPU
		{E326242F-6850-49C2-81F3-CC1D6BAF977B}.Release|x64.Build.0 = Release|Any CPU
		{E326242F-6850-49C2-81F3-CC1D6BAF977B}.Release|x86.ActiveCfg = Release|Any CPU
		{E326242F-6850-49C2-81F3-CC1D6BAF977B}.Release|x86.Build.0 = Release|Any CPU
		{B2C53254-60EC-4C91-87FD-20306FC8FD7C}.Debug|Any CPU.ActiveCfg = Debug|Any CPU
		{B2C53254-60EC-4C91-87FD-20306FC8FD7C}.Debug|Any CPU.Build.0 = Debug|Any CPU
		{B2C53254-60EC-4C91-87FD-20306FC8FD7C}.Debug|x64.ActiveCfg = Debug|Any CPU
		{B2C53254-60EC-4C91-87FD-20306FC8FD7C}.Debug|x64.Build.0 = Debug|Any CPU
		{B2C53254-60EC-4C91-87FD-20306FC8FD7C}.Debug|x86.ActiveCfg = Debug|Any CPU
		{B2C53254-60EC-4C91-87FD-20306FC8FD7C}.Debug|x86.Build.0 = Debug|Any CPU
		{B2C53254-60EC-4C91-87FD-20306FC8FD7C}.Release|Any CPU.ActiveCfg = Release|Any CPU
		{B2C53254-60EC-4C91-87FD-20306FC8FD7C}.Release|Any CPU.Build.0 = Release|Any CPU
		{B2C53254-60EC-4C91-87FD-20306FC8FD7C}.Release|x64.ActiveCfg = Release|Any CPU
		{B2C53254-60EC-4C91-87FD-20306FC8FD7C}.Release|x64.Build.0 = Release|Any CPU
		{B2C53254-60EC-4C91-87FD-20306FC8FD7C}.Release|x86.ActiveCfg = Release|Any CPU
		{B2C53254-60EC-4C91-87FD-20306FC8FD7C}.Release|x86.Build.0 = Release|Any CPU
		{3CB51794-933A-48A8-A3A4-6CB70DF43E34}.Debug|Any CPU.ActiveCfg = Debug|Any CPU
		{3CB51794-933A-48A8-A3A4-6CB70DF43E34}.Debug|Any CPU.Build.0 = Debug|Any CPU
		{3CB51794-933A-48A8-A3A4-6CB70DF43E34}.Debug|x64.ActiveCfg = Debug|Any CPU
		{3CB51794-933A-48A8-A3A4-6CB70DF43E34}.Debug|x64.Build.0 = Debug|Any CPU
		{3CB51794-933A-48A8-A3A4-6CB70DF43E34}.Debug|x86.ActiveCfg = Debug|Any CPU
		{3CB51794-933A-48A8-A3A4-6CB70DF43E34}.Debug|x86.Build.0 = Debug|Any CPU
		{3CB51794-933A-48A8-A3A4-6CB70DF43E34}.Release|Any CPU.ActiveCfg = Release|Any CPU
		{3CB51794-933A-48A8-A3A4-6CB70DF43E34}.Release|Any CPU.Build.0 = Release|Any CPU
		{3CB51794-933A-48A8-A3A4-6CB70DF43E34}.Release|x64.ActiveCfg = Release|Any CPU
		{3CB51794-933A-48A8-A3A4-6CB70DF43E34}.Release|x64.Build.0 = Release|Any CPU
		{3CB51794-933A-48A8-A3A4-6CB70DF43E34}.Release|x86.ActiveCfg = Release|Any CPU
		{3CB51794-933A-48A8-A3A4-6CB70DF43E34}.Release|x86.Build.0 = Release|Any CPU
		{CA484A0C-4966-446B-A794-CC7DC4A0C1A4}.Debug|Any CPU.ActiveCfg = Debug|Any CPU
		{CA484A0C-4966-446B-A794-CC7DC4A0C1A4}.Debug|Any CPU.Build.0 = Debug|Any CPU
		{CA484A0C-4966-446B-A794-CC7DC4A0C1A4}.Debug|x64.ActiveCfg = Debug|Any CPU
		{CA484A0C-4966-446B-A794-CC7DC4A0C1A4}.Debug|x64.Build.0 = Debug|Any CPU
		{CA484A0C-4966-446B-A794-CC7DC4A0C1A4}.Debug|x86.ActiveCfg = Debug|Any CPU
		{CA484A0C-4966-446B-A794-CC7DC4A0C1A4}.Debug|x86.Build.0 = Debug|Any CPU
		{CA484A0C-4966-446B-A794-CC7DC4A0C1A4}.Release|Any CPU.ActiveCfg = Release|Any CPU
		{CA484A0C-4966-446B-A794-CC7DC4A0C1A4}.Release|Any CPU.Build.0 = Release|Any CPU
		{CA484A0C-4966-446B-A794-CC7DC4A0C1A4}.Release|x64.ActiveCfg = Release|Any CPU
		{CA484A0C-4966-446B-A794-CC7DC4A0C1A4}.Release|x64.Build.0 = Release|Any CPU
		{CA484A0C-4966-446B-A794-CC7DC4A0C1A4}.Release|x86.ActiveCfg = Release|Any CPU
		{CA484A0C-4966-446B-A794-CC7DC4A0C1A4}.Release|x86.Build.0 = Release|Any CPU
		{3C33E069-4EB0-5A0A-2543-0862A51A5286}.Debug|Any CPU.ActiveCfg = Debug|Any CPU
		{3C33E069-4EB0-5A0A-2543-0862A51A5286}.Debug|Any CPU.Build.0 = Debug|Any CPU
		{3C33E069-4EB0-5A0A-2543-0862A51A5286}.Debug|x64.ActiveCfg = Debug|Any CPU
		{3C33E069-4EB0-5A0A-2543-0862A51A5286}.Debug|x64.Build.0 = Debug|Any CPU
		{3C33E069-4EB0-5A0A-2543-0862A51A5286}.Debug|x86.ActiveCfg = Debug|Any CPU
		{3C33E069-4EB0-5A0A-2543-0862A51A5286}.Debug|x86.Build.0 = Debug|Any CPU
		{3C33E069-4EB0-5A0A-2543-0862A51A5286}.Release|Any CPU.ActiveCfg = Release|Any CPU
		{3C33E069-4EB0-5A0A-2543-0862A51A5286}.Release|Any CPU.Build.0 = Release|Any CPU
		{3C33E069-4EB0-5A0A-2543-0862A51A5286}.Release|x64.ActiveCfg = Release|Any CPU
		{3C33E069-4EB0-5A0A-2543-0862A51A5286}.Release|x64.Build.0 = Release|Any CPU
		{3C33E069-4EB0-5A0A-2543-0862A51A5286}.Release|x86.ActiveCfg = Release|Any CPU
		{3C33E069-4EB0-5A0A-2543-0862A51A5286}.Release|x86.Build.0 = Release|Any CPU
	EndGlobalSection
	GlobalSection(SolutionProperties) = preSolution
		HideSolutionNode = FALSE
	EndGlobalSection
	GlobalSection(NestedProjects) = preSolution
		{6306A8FB-679E-111F-6585-8F70E0EE6013} = {827E0CD3-B72D-47B6-A68D-7590B98EB39B}
		{98E25C14-EEB5-47D7-9854-C55B61ACB5FB} = {6306A8FB-679E-111F-6585-8F70E0EE6013}
		{984BB9B3-3FA3-BE33-9484-CAC21695A33C} = {827E0CD3-B72D-47B6-A68D-7590B98EB39B}
		{B2F6D6BC-2E0B-79A5-9616-960E114BE173} = {984BB9B3-3FA3-BE33-9484-CAC21695A33C}
		{A7F614A1-40FB-4FDF-A668-7E659D4343C2} = {B2F6D6BC-2E0B-79A5-9616-960E114BE173}
		{BE758335-7C4C-41C8-8858-FD5F8A8DAC3D} = {B2F6D6BC-2E0B-79A5-9616-960E114BE173}
		{3ADBE76A-A423-4497-BD90-84A1C4B3699B} = {B2F6D6BC-2E0B-79A5-9616-960E114BE173}
		{C8E42992-5E42-0C2B-DBFE-AA848D06431C} = {827E0CD3-B72D-47B6-A68D-7590B98EB39B}
		{0ECAF9F9-0C6E-4AF5-89E6-46BC27407ADC} = {C8E42992-5E42-0C2B-DBFE-AA848D06431C}
		{14CC216D-D62B-4EE1-BAB4-8D7BC28DA426} = {C8E42992-5E42-0C2B-DBFE-AA848D06431C}
		{FAB7B26C-4BD2-4C02-89BE-F6CB8EAEFE96} = {C8E42992-5E42-0C2B-DBFE-AA848D06431C}
		{3E5C8DF4-CECB-4263-860C-F56A8AC42F55} = {C8E42992-5E42-0C2B-DBFE-AA848D06431C}
		{CC08E61D-15D1-4498-A3B7-08FA12EE22BA} = {C8E42992-5E42-0C2B-DBFE-AA848D06431C}
		{4B52C87B-410E-41B2-854C-7618A41856D1} = {C8E42992-5E42-0C2B-DBFE-AA848D06431C}
		{E354C44D-A9AA-430A-B1E1-D704B63F4349} = {C8E42992-5E42-0C2B-DBFE-AA848D06431C}
		{55F539B5-8D95-413B-A0D7-CF71E647EF3F} = {0AB3BF05-4346-4AA6-1389-037BE0695223}
		{7BB1C61F-34A7-4F38-A5E0-44374401777F} = {0AB3BF05-4346-4AA6-1389-037BE0695223}
		{1BFC9479-12BF-35C3-06B8-42D89D95092B} = {984BB9B3-3FA3-BE33-9484-CAC21695A33C}
		{560C57E3-0776-4DDA-9D49-ED7B21328A97} = {1BFC9479-12BF-35C3-06B8-42D89D95092B}
		{CCAF938E-7FF1-4CB0-917E-609856401DB3} = {1BFC9479-12BF-35C3-06B8-42D89D95092B}
		{055CFA82-5149-426B-BCDA-5640A4A4AD4E} = {1BFC9479-12BF-35C3-06B8-42D89D95092B}
		{70E7065A-F475-470D-AEB6-360815427BB9} = {1BFC9479-12BF-35C3-06B8-42D89D95092B}
		{446456ED-04BB-4477-9041-C9940C3647B4} = {0AB3BF05-4346-4AA6-1389-037BE0695223}
		{946C6459-E9BE-82F4-B64C-18C7DF3C0D5C} = {984BB9B3-3FA3-BE33-9484-CAC21695A33C}
		{39DEF277-2C18-4A57-93F6-C99276CCD17A} = {946C6459-E9BE-82F4-B64C-18C7DF3C0D5C}
		{5D74A9B3-26BB-470D-8F3C-ADE512C43DAA} = {946C6459-E9BE-82F4-B64C-18C7DF3C0D5C}
		{41459D52-0F72-49E9-A310-AAD4B43650C7} = {946C6459-E9BE-82F4-B64C-18C7DF3C0D5C}
		{2AC67F49-6A34-417C-856F-C9F5573EA8FC} = {946C6459-E9BE-82F4-B64C-18C7DF3C0D5C}
		{A0DF8BCC-1EA9-4A0A-90C2-D2E81BD87520} = {0AB3BF05-4346-4AA6-1389-037BE0695223}
		{92F42DAB-CD95-DEFE-A96E-37B7027D6435} = {984BB9B3-3FA3-BE33-9484-CAC21695A33C}
		{B5286E58-772E-4111-8132-59999392B06C} = {92F42DAB-CD95-DEFE-A96E-37B7027D6435}
		{E326242F-6850-49C2-81F3-CC1D6BAF977B} = {92F42DAB-CD95-DEFE-A96E-37B7027D6435}
		{B2C53254-60EC-4C91-87FD-20306FC8FD7C} = {92F42DAB-CD95-DEFE-A96E-37B7027D6435}
		{3CB51794-933A-48A8-A3A4-6CB70DF43E34} = {92F42DAB-CD95-DEFE-A96E-37B7027D6435}
		{CA484A0C-4966-446B-A794-CC7DC4A0C1A4} = {0AB3BF05-4346-4AA6-1389-037BE0695223}
		{3C33E069-4EB0-5A0A-2543-0862A51A5286} = {B2F6D6BC-2E0B-79A5-9616-960E114BE173}
	EndGlobalSection
	GlobalSection(ExtensibilityGlobals) = postSolution
		SolutionGuid = {90AE9D72-CE01-4883-88D1-007780060474}
	EndGlobalSection
EndGlobal
