
Microsoft Visual Studio Solution File, Format Version 12.00
# Visual Studio Version 17
VisualStudioVersion = 17.0.31903.59
MinimumVisualStudioVersion = 10.0.40219.1
Project("{2150E333-8FDC-42A3-9474-1A3956D46DE8}") = "src", "src", "{827E0CD3-B72D-47B6-A68D-7590B98EB39B}"
EndProject
Project("{2150E333-8FDC-42A3-9474-1A3956D46DE8}") = "Gateway", "Gateway", "{6306A8FB-679E-111F-6585-8F70E0EE6013}"
EndProject
Project("{FAE04EC0-301F-11D3-BF4B-00C04F79EFBC}") = "Edp.Gateway", "src\Gateway\Edp.Gateway\Edp.Gateway.csproj", "{98E25C14-EEB5-47D7-9854-C55B61ACB5FB}"
EndProject
Project("{2150E333-8FDC-42A3-9474-1A3956D46DE8}") = "Services", "Services", "{984BB9B3-3FA3-BE33-9484-CAC21695A33C}"
EndProject
Project("{2150E333-8FDC-42A3-9474-1A3956D46DE8}") = "Template", "Template", "{B2F6D6BC-2E0B-79A5-9616-960E114BE173}"
EndProject
Project("{FAE04EC0-301F-11D3-BF4B-00C04F79EFBC}") = "Edp.Template.Infrastructure", "src\Services\Template\Edp.Template.Infrastructure\Edp.Template.Infrastructure.csproj", "{A7F614A1-40FB-4FDF-A668-7E659D4343C2}"
EndProject
Project("{FAE04EC0-301F-11D3-BF4B-00C04F79EFBC}") = "Edp.Template.Application", "src\Services\Template\Edp.Template.Application\Edp.Template.Application.csproj", "{BE758335-7C4C-41C8-8858-FD5F8A8DAC3D}"
EndProject
Project("{FAE04EC0-301F-11D3-BF4B-00C04F79EFBC}") = "Edp.Template.Api", "src\Service\Template\Edp.Template.Api\Edp.Template.Api.csproj", "{D4B3F226-8A23-41C8-B98A-5B234701FADE}"
EndProject
Project("{FAE04EC0-301F-11D3-BF4B-00C04F79EFBC}") = "Edp.Template.Domain", "src\Services\Template\Edp.Template.Domain\Edp.Template.Domain.csproj", "{3ADBE76A-A423-4497-BD90-84A1C4B3699B}"
EndProject
Project("{2150E333-8FDC-42A3-9474-1A3956D46DE8}") = "Shared", "Shared", "{C8E42992-5E42-0C2B-DBFE-AA848D06431C}"
EndProject
Project("{FAE04EC0-301F-11D3-BF4B-00C04F79EFBC}") = "Edp.SharedKernel", "src\Shared\Edp.SharedKernel\Edp.SharedKernel.csproj", "{0ECAF9F9-0C6E-4AF5-89E6-46BC27407ADC}"
EndProject
Project("{FAE04EC0-301F-11D3-BF4B-00C04F79EFBC}") = "Edp.Shared.Contracts", "src\Shared\Edp.Shared.Contracts\Edp.Shared.Contracts.csproj", "{14CC216D-D62B-4EE1-BAB4-8D7BC28DA426}"
EndProject
Project("{FAE04EC0-301F-11D3-BF4B-00C04F79EFBC}") = "Edp.Shared.Messaging", "src\Shared\Edp.Shared.Messaging\Edp.Shared.Messaging.csproj", "{FAB7B26C-4BD2-4C02-89BE-F6CB8EAEFE96}"
EndProject
Project("{FAE04EC0-301F-11D3-BF4B-00C04F79EFBC}") = "Edp.Shared.Infrastructure", "src\Shared\Edp.Shared.Infrastructure\Edp.Shared.Infrastructure.csproj", "{3E5C8DF4-CECB-4263-860C-F56A8AC42F55}"
EndProject
Project("{FAE04EC0-301F-11D3-BF4B-00C04F79EFBC}") = "Edp.Shared.Security", "src\Shared\Edp.Shared.Security\Edp.Shared.Security.csproj", "{CC08E61D-15D1-4498-A3B7-08FA12EE22BA}"
EndProject
Project("{FAE04EC0-301F-11D3-BF4B-00C04F79EFBC}") = "Edp.Shared.Observability", "src\Shared\Edp.Shared.Observability\Edp.Shared.Observability.csproj", "{4B52C87B-410E-41B2-854C-7618A41856D1}"
EndProject
Project("{FAE04EC0-301F-11D3-BF4B-00C04F79EFBC}") = "Edp.Shared.Storage", "src\Shared\Edp.Shared.Storage\Edp.Shared.Storage.csproj", "{E354C44D-A9AA-430A-B1E1-D704B63F4349}"
EndProject
Project("{2150E333-8FDC-42A3-9474-1A3956D46DE8}") = "Identity", "Identity", "{1BFC9479-12BF-35C3-06B8-42D89D95092B}"
EndProject
Project("{FAE04EC0-301F-11D3-BF4B-00C04F79EFBC}") = "Edp.Identity.Api", "src\Services\Identity\Edp.Identity.Api\Edp.Identity.Api.csproj", "{5CF265FA-EE01-4315-96D3-84B7895FC579}"
EndProject
Project("{FAE04EC0-301F-11D3-BF4B-00C04F79EFBC}") = "Edp.Identity.Infrastructure", "src\Services\Identity\Edp.Identity.Infrastructure\Edp.Identity.Infrastructure.csproj", "{9FEF7CC3-4EDB-4CE7-8EB4-11286753B643}"
EndProject
Project("{FAE04EC0-301F-11D3-BF4B-00C04F79EFBC}") = "Edp.Identity.Application", "src\Services\Identity\Edp.Identity.Application\Edp.Identity.Application.csproj", "{AD078B59-F5A0-484B-ADBC-B28F2CC73922}"
EndProject
Project("{FAE04EC0-301F-11D3-BF4B-00C04F79EFBC}") = "Edp.Identity.Domain", "src\Services\Identity\Edp.Identity.Domain\Edp.Identity.Domain.csproj", "{66530117-99CD-43BE-A5E7-650B627C05F6}"
EndProject
Project("{2150E333-8FDC-42A3-9474-1A3956D46DE8}") = "Audit", "Audit", "{92F42DAB-CD95-DEFE-A96E-37B7027D6435}"
EndProject
Project("{FAE04EC0-301F-11D3-BF4B-00C04F79EFBC}") = "Edp.Audit.Api", "src\Services\Audit\Edp.Audit.Api\Edp.Audit.Api.csproj", "{2D8017FB-4F9A-4434-9CE6-4C497D4F0636}"
EndProject
Project("{FAE04EC0-301F-11D3-BF4B-00C04F79EFBC}") = "Edp.Audit.Application", "src\Services\Audit\Edp.Audit.Application\Edp.Audit.Application.csproj", "{95A9F794-770E-442E-9D60-3625B1EB5A70}"
EndProject
Project("{FAE04EC0-301F-11D3-BF4B-00C04F79EFBC}") = "Edp.Audit.Domain", "src\Services\Audit\Edp.Audit.Domain\Edp.Audit.Domain.csproj", "{DFCEFC75-CA49-418C-807F-2524D3664722}"
EndProject
Project("{FAE04EC0-301F-11D3-BF4B-00C04F79EFBC}") = "Edp.Audit.Infrastructure", "src\Services\Audit\Edp.Audit.Infrastructure\Edp.Audit.Infrastructure.csproj", "{A10ADA67-D42A-43C8-B52A-D4E14B8D8F58}"
EndProject
Project("{2150E333-8FDC-42A3-9474-1A3956D46DE8}") = "Document", "Document", "{8EA49C2B-A984-EA72-4646-7E60B35BA0FC}"
EndProject
Project("{FAE04EC0-301F-11D3-BF4B-00C04F79EFBC}") = "Edp.Document.Api", "src\Services\Document\Edp.Document.Api\Edp.Document.Api.csproj", "{45405A3A-3069-4DB7-80FC-2D0E794920CE}"
EndProject
Project("{FAE04EC0-301F-11D3-BF4B-00C04F79EFBC}") = "Edp.Document.Application", "src\Services\Document\Edp.Document.Application\Edp.Document.Application.csproj", "{736512B9-75BD-4E42-88B8-DE84688D6AAD}"
EndProject
Project("{FAE04EC0-301F-11D3-BF4B-00C04F79EFBC}") = "Edp.Document.Domain", "src\Services\Document\Edp.Document.Domain\Edp.Document.Domain.csproj", "{C43BCB45-B6E4-49CF-90A1-625F14EE6A9B}"
EndProject
Project("{FAE04EC0-301F-11D3-BF4B-00C04F79EFBC}") = "Edp.Document.Infrastructure", "src\Services\Document\Edp.Document.Infrastructure\Edp.Document.Infrastructure.csproj", "{8C234AFB-DE4C-4E25-A609-79EB5EB11621}"
EndProject
Project("{2150E333-8FDC-42A3-9474-1A3956D46DE8}") = "Notification", "Notification", "{C5FBE174-8E0F-F5A3-B929-8BD0C55C0A32}"
EndProject
Project("{FAE04EC0-301F-11D3-BF4B-00C04F79EFBC}") = "Edp.Notification.Api", "src\Services\Notification\Edp.Notification.Api\Edp.Notification.Api.csproj", "{1B89D5B2-91E9-4284-9948-406AACF6B10E}"
EndProject
Project("{FAE04EC0-301F-11D3-BF4B-00C04F79EFBC}") = "Edp.Notification.Application", "src\Services\Notification\Edp.Notification.Application\Edp.Notification.Application.csproj", "{83733597-E04A-4825-A601-F5FF9AE1DD7C}"
EndProject
Project("{FAE04EC0-301F-11D3-BF4B-00C04F79EFBC}") = "Edp.Notification.Domain", "src\Services\Notification\Edp.Notification.Domain\Edp.Notification.Domain.csproj", "{4FD76A3A-A07D-4FEE-91C7-C98C4D0D1C4F}"
EndProject
Project("{FAE04EC0-301F-11D3-BF4B-00C04F79EFBC}") = "Edp.Notification.Infrastructure", "src\Services\Notification\Edp.Notification.Infrastructure\Edp.Notification.Infrastructure.csproj", "{2A203BCC-7D3F-4D97-9935-16E590A9FE31}"
EndProject
Project("{2150E333-8FDC-42A3-9474-1A3956D46DE8}") = "Organization", "Organization", "{946C6459-E9BE-82F4-B64C-18C7DF3C0D5C}"
EndProject
Project("{FAE04EC0-301F-11D3-BF4B-00C04F79EFBC}") = "Edp.Organization.Api", "src\Services\Organization\Edp.Organization.Api\Edp.Organization.Api.csproj", "{E75E749F-B5E3-493D-9244-6EA5C7F41FD8}"
EndProject
Project("{FAE04EC0-301F-11D3-BF4B-00C04F79EFBC}") = "Edp.Organization.Application", "src\Services\Organization\Edp.Organization.Application\Edp.Organization.Application.csproj", "{4E5549E5-8E28-4746-87DB-F160DEEF9A6D}"
EndProject
Project("{FAE04EC0-301F-11D3-BF4B-00C04F79EFBC}") = "Edp.Organization.Domain", "src\Services\Organization\Edp.Organization.Domain\Edp.Organization.Domain.csproj", "{522B7ED1-6633-4CCC-95FC-5018C4125EFA}"
EndProject
Project("{FAE04EC0-301F-11D3-BF4B-00C04F79EFBC}") = "Edp.Organization.Infrastructure", "src\Services\Organization\Edp.Organization.Infrastructure\Edp.Organization.Infrastructure.csproj", "{C8E237E4-39D2-459E-B0EA-002FCF9FA031}"
EndProject
Project("{2150E333-8FDC-42A3-9474-1A3956D46DE8}") = "Storage", "Storage", "{74BE356B-61CD-6194-6CB5-7788A446B19E}"
EndProject
Project("{FAE04EC0-301F-11D3-BF4B-00C04F79EFBC}") = "Edp.Storage.Api", "src\Services\Storage\Edp.Storage.Api\Edp.Storage.Api.csproj", "{2B2725D6-6FF0-4ED8-9821-2C088F0621B6}"
EndProject
Project("{FAE04EC0-301F-11D3-BF4B-00C04F79EFBC}") = "Edp.Storage.Application", "src\Services\Storage\Edp.Storage.Application\Edp.Storage.Application.csproj", "{4632A36D-3F30-4211-80DD-82ED40F49BB2}"
EndProject
Project("{FAE04EC0-301F-11D3-BF4B-00C04F79EFBC}") = "Edp.Storage.Domain", "src\Services\Storage\Edp.Storage.Domain\Edp.Storage.Domain.csproj", "{E425C81E-D797-48E7-8D50-F6908AC1BCCB}"
EndProject
Project("{FAE04EC0-301F-11D3-BF4B-00C04F79EFBC}") = "Edp.Storage.Infrastructure", "src\Services\Storage\Edp.Storage.Infrastructure\Edp.Storage.Infrastructure.csproj", "{FAA26A5A-5C9D-4135-ADAB-0031189F34C7}"
EndProject
Project("{2150E333-8FDC-42A3-9474-1A3956D46DE8}") = "Workflow", "Workflow", "{A4401965-5809-5141-2D9E-29A141B8CC83}"
EndProject
Project("{FAE04EC0-301F-11D3-BF4B-00C04F79EFBC}") = "Edp.Workflow.Api", "src\Services\Workflow\Edp.Workflow.Api\Edp.Workflow.Api.csproj", "{07C7B870-88D0-4BB1-BC45-4F51A8EF25A1}"
EndProject
Project("{FAE04EC0-301F-11D3-BF4B-00C04F79EFBC}") = "Edp.Workflow.Application", "src\Services\Workflow\Edp.Workflow.Application\Edp.Workflow.Application.csproj", "{690B5EF3-46BC-4CF9-83A5-9FA2689D1ED5}"
EndProject
Project("{FAE04EC0-301F-11D3-BF4B-00C04F79EFBC}") = "Edp.Workflow.Domain", "src\Services\Workflow\Edp.Workflow.Domain\Edp.Workflow.Domain.csproj", "{07BC976C-8414-482C-B796-170D0D42A4FE}"
EndProject
Project("{FAE04EC0-301F-11D3-BF4B-00C04F79EFBC}") = "Edp.Workflow.Infrastructure", "src\Services\Workflow\Edp.Workflow.Infrastructure\Edp.Workflow.Infrastructure.csproj", "{576ADECC-0CED-4F3A-A5EA-DB825E5C3196}"
EndProject
Project("{2150E333-8FDC-42A3-9474-1A3956D46DE8}") = "tests", "tests", "{0AB3BF05-4346-4AA6-1389-037BE0695223}"
EndProject
Project("{FAE04EC0-301F-11D3-BF4B-00C04F79EFBC}") = "Edp.Gateway.Tests", "tests\Edp.Gateway.Tests\Edp.Gateway.Tests.csproj", "{CDD6CF06-D998-4679-B40F-35B309C1D655}"
EndProject
Project("{FAE04EC0-301F-11D3-BF4B-00C04F79EFBC}") = "Edp.Template.Tests", "tests\Edp.Template.Tests\Edp.Template.Tests.csproj", "{BB7E44AC-5281-43FF-898F-B9E6EFA4035E}"
EndProject
Global
	GlobalSection(SolutionConfigurationPlatforms) = preSolution
		Debug|Any CPU = Debug|Any CPU
		Debug|x64 = Debug|x64
		Debug|x86 = Debug|x86
		Release|Any CPU = Release|Any CPU
		Release|x64 = Release|x64
		Release|x86 = Release|x86
	EndGlobalSection
	GlobalSection(ProjectConfigurationPlatforms) = postSolution
		{98E25C14-EEB5-47D7-9854-C55B61ACB5FB}.Debug|Any CPU.ActiveCfg = Debug|Any CPU
		{98E25C14-EEB5-47D7-9854-C55B61ACB5FB}.Debug|Any CPU.Build.0 = Debug|Any CPU
		{98E25C14-EEB5-47D7-9854-C55B61ACB5FB}.Debug|x64.ActiveCfg = Debug|Any CPU
		{98E25C14-EEB5-47D7-9854-C55B61ACB5FB}.Debug|x64.Build.0 = Debug|Any CPU
		{98E25C14-EEB5-47D7-9854-C55B61ACB5FB}.Debug|x86.ActiveCfg = Debug|Any CPU
		{98E25C14-EEB5-47D7-9854-C55B61ACB5FB}.Debug|x86.Build.0 = Debug|Any CPU
		{98E25C14-EEB5-47D7-9854-C55B61ACB5FB}.Release|Any CPU.ActiveCfg = Release|Any CPU
		{98E25C14-EEB5-47D7-9854-C55B61ACB5FB}.Release|Any CPU.Build.0 = Release|Any CPU
		{98E25C14-EEB5-47D7-9854-C55B61ACB5FB}.Release|x64.ActiveCfg = Release|Any CPU
		{98E25C14-EEB5-47D7-9854-C55B61ACB5FB}.Release|x64.Build.0 = Release|Any CPU
		{98E25C14-EEB5-47D7-9854-C55B61ACB5FB}.Release|x86.ActiveCfg = Release|Any CPU
		{98E25C14-EEB5-47D7-9854-C55B61ACB5FB}.Release|x86.Build.0 = Release|Any CPU
		{A7F614A1-40FB-4FDF-A668-7E659D4343C2}.Debug|Any CPU.ActiveCfg = Debug|Any CPU
		{A7F614A1-40FB-4FDF-A668-7E659D4343C2}.Debug|Any CPU.Build.0 = Debug|Any CPU
		{A7F614A1-40FB-4FDF-A668-7E659D4343C2}.Debug|x64.ActiveCfg = Debug|Any CPU
		{A7F614A1-40FB-4FDF-A668-7E659D4343C2}.Debug|x64.Build.0 = Debug|Any CPU
		{A7F614A1-40FB-4FDF-A668-7E659D4343C2}.Debug|x86.ActiveCfg = Debug|Any CPU
		{A7F614A1-40FB-4FDF-A668-7E659D4343C2}.Debug|x86.Build.0 = Debug|Any CPU
		{A7F614A1-40FB-4FDF-A668-7E659D4343C2}.Release|Any CPU.ActiveCfg = Release|Any CPU
		{A7F614A1-40FB-4FDF-A668-7E659D4343C2}.Release|Any CPU.Build.0 = Release|Any CPU
		{A7F614A1-40FB-4FDF-A668-7E659D4343C2}.Release|x64.ActiveCfg = Release|Any CPU
		{A7F614A1-40FB-4FDF-A668-7E659D4343C2}.Release|x64.Build.0 = Release|Any CPU
		{A7F614A1-40FB-4FDF-A668-7E659D4343C2}.Release|x86.ActiveCfg = Release|Any CPU
		{A7F614A1-40FB-4FDF-A668-7E659D4343C2}.Release|x86.Build.0 = Release|Any CPU
		{BE758335-7C4C-41C8-8858-FD5F8A8DAC3D}.Debug|Any CPU.ActiveCfg = Debug|Any CPU
		{BE758335-7C4C-41C8-8858-FD5F8A8DAC3D}.Debug|Any CPU.Build.0 = Debug|Any CPU
		{BE758335-7C4C-41C8-8858-FD5F8A8DAC3D}.Debug|x64.ActiveCfg = Debug|Any CPU
		{BE758335-7C4C-41C8-8858-FD5F8A8DAC3D}.Debug|x64.Build.0 = Debug|Any CPU
		{BE758335-7C4C-41C8-8858-FD5F8A8DAC3D}.Debug|x86.ActiveCfg = Debug|Any CPU
		{BE758335-7C4C-41C8-8858-FD5F8A8DAC3D}.Debug|x86.Build.0 = Debug|Any CPU
		{BE758335-7C4C-41C8-8858-FD5F8A8DAC3D}.Release|Any CPU.ActiveCfg = Release|Any CPU
		{BE758335-7C4C-41C8-8858-FD5F8A8DAC3D}.Release|Any CPU.Build.0 = Release|Any CPU
		{BE758335-7C4C-41C8-8858-FD5F8A8DAC3D}.Release|x64.ActiveCfg = Release|Any CPU
		{BE758335-7C4C-41C8-8858-FD5F8A8DAC3D}.Release|x64.Build.0 = Release|Any CPU
		{BE758335-7C4C-41C8-8858-FD5F8A8DAC3D}.Release|x86.ActiveCfg = Release|Any CPU
		{BE758335-7C4C-41C8-8858-FD5F8A8DAC3D}.Release|x86.Build.0 = Release|Any CPU
		{D4B3F226-8A23-41C8-B98A-5B234701FADE}.Debug|Any CPU.ActiveCfg = Debug|Any CPU
		{D4B3F226-8A23-41C8-B98A-5B234701FADE}.Debug|Any CPU.Build.0 = Debug|Any CPU
		{D4B3F226-8A23-41C8-B98A-5B234701FADE}.Debug|x64.ActiveCfg = Debug|Any CPU
		{D4B3F226-8A23-41C8-B98A-5B234701FADE}.Debug|x64.Build.0 = Debug|Any CPU
		{D4B3F226-8A23-41C8-B98A-5B234701FADE}.Debug|x86.ActiveCfg = Debug|Any CPU
		{D4B3F226-8A23-41C8-B98A-5B234701FADE}.Release|Any CPU.ActiveCfg = Release|Any CPU
		{D4B3F226-8A23-41C8-B98A-5B234701FADE}.Release|Any CPU.Build.0 = Release|Any CPU
		{D4B3F226-8A23-41C8-B98A-5B234701FADE}.Release|x64.ActiveCfg = Release|Any CPU
		{D4B3F226-8A23-41C8-B98A-5B234701FADE}.Release|x64.Build.0 = Release|Any CPU
		{D4B3F226-8A23-41C8-B98A-5B234701FADE}.Release|x86.ActiveCfg = Release|Any CPU
		{D4B3F226-8A23-41C8-B98A-5B234701FADE}.Release|x86.Build.0 = Release|Any CPU
		{3ADBE76A-A423-4497-BD90-84A1C4B3699B}.Debug|Any CPU.ActiveCfg = Debug|Any CPU
		{3ADBE76A-A423-4497-BD90-84A1C4B3699B}.Debug|Any CPU.Build.0 = Debug|Any CPU
		{3ADBE76A-A423-4497-BD90-84A1C4B3699B}.Debug|x64.ActiveCfg = Debug|Any CPU
		{3ADBE76A-A423-4497-BD90-84A1C4B3699B}.Debug|x64.Build.0 = Debug|Any CPU
		{3ADBE76A-A423-4497-BD90-84A1C4B3699B}.Debug|x86.ActiveCfg = Debug|Any CPU
		{3ADBE76A-A423-4497-BD90-84A1C4B3699B}.Debug|x86.Build.0 = Debug|Any CPU
		{3ADBE76A-A423-4497-BD90-84A1C4B3699B}.Release|Any CPU.ActiveCfg = Release|Any CPU
		{3ADBE76A-A423-4497-BD90-84A1C4B3699B}.Release|Any CPU.Build.0 = Release|Any CPU
		{3ADBE76A-A423-4497-BD90-84A1C4B3699B}.Release|x64.ActiveCfg = Release|Any CPU
		{3ADBE76A-A423-4497-BD90-84A1C4B3699B}.Release|x64.Build.0 = Release|Any CPU
		{3ADBE76A-A423-4497-BD90-84A1C4B3699B}.Release|x86.ActiveCfg = Release|Any CPU
		{3ADBE76A-A423-4497-BD90-84A1C4B3699B}.Release|x86.Build.0 = Release|Any CPU
		{0ECAF9F9-0C6E-4AF5-89E6-46BC27407ADC}.Debug|Any CPU.ActiveCfg = Debug|Any CPU
		{0ECAF9F9-0C6E-4AF5-89E6-46BC27407ADC}.Debug|Any CPU.Build.0 = Debug|Any CPU
		{0ECAF9F9-0C6E-4AF5-89E6-46BC27407ADC}.Debug|x64.ActiveCfg = Debug|Any CPU
		{0ECAF9F9-0C6E-4AF5-89E6-46BC27407ADC}.Debug|x64.Build.0 = Debug|Any CPU
		{0ECAF9F9-0C6E-4AF5-89E6-46BC27407ADC}.Debug|x86.ActiveCfg = Debug|Any CPU
		{0ECAF9F9-0C6E-4AF5-89E6-46BC27407ADC}.Debug|x86.Build.0 = Debug|Any CPU
		{0ECAF9F9-0C6E-4AF5-89E6-46BC27407ADC}.Release|Any CPU.ActiveCfg = Release|Any CPU
		{0ECAF9F9-0C6E-4AF5-89E6-46BC27407ADC}.Release|Any CPU.Build.0 = Release|Any CPU
		{0ECAF9F9-0C6E-4AF5-89E6-46BC27407ADC}.Release|x64.ActiveCfg = Release|Any CPU
		{0ECAF9F9-0C6E-4AF5-89E6-46BC27407ADC}.Release|x64.Build.0 = Release|Any CPU
		{0ECAF9F9-0C6E-4AF5-89E6-46BC27407ADC}.Release|x86.ActiveCfg = Release|Any CPU
		{0ECAF9F9-0C6E-4AF5-89E6-46BC27407ADC}.Release|x86.Build.0 = Release|Any CPU
		{14CC216D-D62B-4EE1-BAB4-8D7BC28DA426}.Debug|Any CPU.ActiveCfg = Debug|Any CPU
		{14CC216D-D62B-4EE1-BAB4-8D7BC28DA426}.Debug|Any CPU.Build.0 = Debug|Any CPU
		{14CC216D-D62B-4EE1-BAB4-8D7BC28DA426}.Debug|x64.ActiveCfg = Debug|Any CPU
		{14CC216D-D62B-4EE1-BAB4-8D7BC28DA426}.Debug|x64.Build.0 = Debug|Any CPU
		{14CC216D-D62B-4EE1-BAB4-8D7BC28DA426}.Debug|x86.ActiveCfg = Debug|Any CPU
		{14CC216D-D62B-4EE1-BAB4-8D7BC28DA426}.Debug|x86.Build.0 = Debug|Any CPU
		{14CC216D-D62B-4EE1-BAB4-8D7BC28DA426}.Release|Any CPU.ActiveCfg = Release|Any CPU
		{14CC216D-D62B-4EE1-BAB4-8D7BC28DA426}.Release|Any CPU.Build.0 = Release|Any CPU
		{14CC216D-D62B-4EE1-BAB4-8D7BC28DA426}.Release|x64.ActiveCfg = Release|Any CPU
		{14CC216D-D62B-4EE1-BAB4-8D7BC28DA426}.Release|x64.Build.0 = Release|Any CPU
		{14CC216D-D62B-4EE1-BAB4-8D7BC28DA426}.Release|x86.ActiveCfg = Release|Any CPU
		{14CC216D-D62B-4EE1-BAB4-8D7BC28DA426}.Release|x86.Build.0 = Release|Any CPU
		{FAB7B26C-4BD2-4C02-89BE-F6CB8EAEFE96}.Debug|Any CPU.ActiveCfg = Debug|Any CPU
		{FAB7B26C-4BD2-4C02-89BE-F6CB8EAEFE96}.Debug|Any CPU.Build.0 = Debug|Any CPU
		{FAB7B26C-4BD2-4C02-89BE-F6CB8EAEFE96}.Debug|x64.ActiveCfg = Debug|Any CPU
		{FAB7B26C-4BD2-4C02-89BE-F6CB8EAEFE96}.Debug|x64.Build.0 = Debug|Any CPU
		{FAB7B26C-4BD2-4C02-89BE-F6CB8EAEFE96}.Debug|x86.ActiveCfg = Debug|Any CPU
		{FAB7B26C-4BD2-4C02-89BE-F6CB8EAEFE96}.Debug|x86.Build.0 = Debug|Any CPU
		{FAB7B26C-4BD2-4C02-89BE-F6CB8EAEFE96}.Release|Any CPU.ActiveCfg = Release|Any CPU
		{FAB7B26C-4BD2-4C02-89BE-F6CB8EAEFE96}.Release|Any CPU.Build.0 = Release|Any CPU
		{FAB7B26C-4BD2-4C02-89BE-F6CB8EAEFE96}.Release|x64.ActiveCfg = Release|Any CPU
		{FAB7B26C-4BD2-4C02-89BE-F6CB8EAEFE96}.Release|x64.Build.0 = Release|Any CPU
		{FAB7B26C-4BD2-4C02-89BE-F6CB8EAEFE96}.Release|x86.ActiveCfg = Release|Any CPU
		{FAB7B26C-4BD2-4C02-89BE-F6CB8EAEFE96}.Release|x86.Build.0 = Release|Any CPU
		{3E5C8DF4-CECB-4263-860C-F56A8AC42F55}.Debug|Any CPU.ActiveCfg = Debug|Any CPU
		{3E5C8DF4-CECB-4263-860C-F56A8AC42F55}.Debug|Any CPU.Build.0 = Debug|Any CPU
		{3E5C8DF4-CECB-4263-860C-F56A8AC42F55}.Debug|x64.ActiveCfg = Debug|Any CPU
		{3E5C8DF4-CECB-4263-860C-F56A8AC42F55}.Debug|x64.Build.0 = Debug|Any CPU
		{3E5C8DF4-CECB-4263-860C-F56A8AC42F55}.Debug|x86.ActiveCfg = Debug|Any CPU
		{3E5C8DF4-CECB-4263-860C-F56A8AC42F55}.Debug|x86.Build.0 = Debug|Any CPU
		{3E5C8DF4-CECB-4263-860C-F56A8AC42F55}.Release|Any CPU.ActiveCfg = Release|Any CPU
		{3E5C8DF4-CECB-4263-860C-F56A8AC42F55}.Release|Any CPU.Build.0 = Release|Any CPU
		{3E5C8DF4-CECB-4263-860C-F56A8AC42F55}.Release|x64.ActiveCfg = Release|Any CPU
		{3E5C8DF4-CECB-4263-860C-F56A8AC42F55}.Release|x64.Build.0 = Release|Any CPU
		{3E5C8DF4-CECB-4263-860C-F56A8AC42F55}.Release|x86.ActiveCfg = Release|Any CPU
		{3E5C8DF4-CECB-4263-860C-F56A8AC42F55}.Release|x86.Build.0 = Release|Any CPU
		{CC08E61D-15D1-4498-A3B7-08FA12EE22BA}.Debug|Any CPU.ActiveCfg = Debug|Any CPU
		{CC08E61D-15D1-4498-A3B7-08FA12EE22BA}.Debug|Any CPU.Build.0 = Debug|Any CPU
		{CC08E61D-15D1-4498-A3B7-08FA12EE22BA}.Debug|x64.ActiveCfg = Debug|Any CPU
		{CC08E61D-15D1-4498-A3B7-08FA12EE22BA}.Debug|x64.Build.0 = Debug|Any CPU
		{CC08E61D-15D1-4498-A3B7-08FA12EE22BA}.Debug|x86.ActiveCfg = Debug|Any CPU
		{CC08E61D-15D1-4498-A3B7-08FA12EE22BA}.Debug|x86.Build.0 = Debug|Any CPU
		{CC08E61D-15D1-4498-A3B7-08FA12EE22BA}.Release|Any CPU.ActiveCfg = Release|Any CPU
		{CC08E61D-15D1-4498-A3B7-08FA12EE22BA}.Release|Any CPU.Build.0 = Release|Any CPU
		{CC08E61D-15D1-4498-A3B7-08FA12EE22BA}.Release|x64.ActiveCfg = Release|Any CPU
		{CC08E61D-15D1-4498-A3B7-08FA12EE22BA}.Release|x64.Build.0 = Release|Any CPU
		{CC08E61D-15D1-4498-A3B7-08FA12EE22BA}.Release|x86.ActiveCfg = Release|Any CPU
		{CC08E61D-15D1-4498-A3B7-08FA12EE22BA}.Release|x86.Build.0 = Release|Any CPU
		{4B52C87B-410E-41B2-854C-7618A41856D1}.Debug|Any CPU.ActiveCfg = Debug|Any CPU
		{4B52C87B-410E-41B2-854C-7618A41856D1}.Debug|Any CPU.Build.0 = Debug|Any CPU
		{4B52C87B-410E-41B2-854C-7618A41856D1}.Debug|x64.ActiveCfg = Debug|Any CPU
		{4B52C87B-410E-41B2-854C-7618A41856D1}.Debug|x64.Build.0 = Debug|Any CPU
		{4B52C87B-410E-41B2-854C-7618A41856D1}.Debug|x86.ActiveCfg = Debug|Any CPU
		{4B52C87B-410E-41B2-854C-7618A41856D1}.Debug|x86.Build.0 = Debug|Any CPU
		{4B52C87B-410E-41B2-854C-7618A41856D1}.Release|Any CPU.ActiveCfg = Release|Any CPU
		{4B52C87B-410E-41B2-854C-7618A41856D1}.Release|Any CPU.Build.0 = Release|Any CPU
		{4B52C87B-410E-41B2-854C-7618A41856D1}.Release|x64.ActiveCfg = Release|Any CPU
		{4B52C87B-410E-41B2-854C-7618A41856D1}.Release|x64.Build.0 = Release|Any CPU
		{4B52C87B-410E-41B2-854C-7618A41856D1}.Release|x86.ActiveCfg = Release|Any CPU
		{4B52C87B-410E-41B2-854C-7618A41856D1}.Release|x86.Build.0 = Release|Any CPU
		{E354C44D-A9AA-430A-B1E1-D704B63F4349}.Debug|Any CPU.ActiveCfg = Debug|Any CPU
		{E354C44D-A9AA-430A-B1E1-D704B63F4349}.Debug|Any CPU.Build.0 = Debug|Any CPU
		{E354C44D-A9AA-430A-B1E1-D704B63F4349}.Debug|x64.ActiveCfg = Debug|Any CPU
		{E354C44D-A9AA-430A-B1E1-D704B63F4349}.Debug|x64.Build.0 = Debug|Any CPU
		{E354C44D-A9AA-430A-B1E1-D704B63F4349}.Debug|x86.ActiveCfg = Debug|Any CPU
		{E354C44D-A9AA-430A-B1E1-D704B63F4349}.Debug|x86.Build.0 = Debug|Any CPU
		{E354C44D-A9AA-430A-B1E1-D704B63F4349}.Release|Any CPU.ActiveCfg = Release|Any CPU
		{E354C44D-A9AA-430A-B1E1-D704B63F4349}.Release|Any CPU.Build.0 = Release|Any CPU
		{E354C44D-A9AA-430A-B1E1-D704B63F4349}.Release|x64.ActiveCfg = Release|Any CPU
		{E354C44D-A9AA-430A-B1E1-D704B63F4349}.Release|x64.Build.0 = Release|Any CPU
		{E354C44D-A9AA-430A-B1E1-D704B63F4349}.Release|x86.ActiveCfg = Release|Any CPU
		{E354C44D-A9AA-430A-B1E1-D704B63F4349}.Release|x86.Build.0 = Release|Any CPU
		{5CF265FA-EE01-4315-96D3-84B7895FC579}.Debug|Any CPU.ActiveCfg = Debug|Any CPU
		{5CF265FA-EE01-4315-96D3-84B7895FC579}.Debug|Any CPU.Build.0 = Debug|Any CPU
		{5CF265FA-EE01-4315-96D3-84B7895FC579}.Debug|x64.ActiveCfg = Debug|Any CPU
		{5CF265FA-EE01-4315-96D3-84B7895FC579}.Debug|x64.Build.0 = Debug|Any CPU
		{5CF265FA-EE01-4315-96D3-84B7895FC579}.Debug|x86.ActiveCfg = Debug|Any CPU
		{5CF265FA-EE01-4315-96D3-84B7895FC579}.Debug|x86.Build.0 = Debug|Any CPU
		{5CF265FA-EE01-4315-96D3-84B7895FC579}.Release|Any CPU.ActiveCfg = Release|Any CPU
		{5CF265FA-EE01-4315-96D3-84B7895FC579}.Release|Any CPU.Build.0 = Release|Any CPU
		{5CF265FA-EE01-4315-96D3-84B7895FC579}.Release|x64.ActiveCfg = Release|Any CPU
		{5CF265FA-EE01-4315-96D3-84B7895FC579}.Release|x64.Build.0 = Release|Any CPU
		{5CF265FA-EE01-4315-96D3-84B7895FC579}.Release|x86.ActiveCfg = Release|Any CPU
		{5CF265FA-EE01-4315-96D3-84B7895FC579}.Release|x86.Build.0 = Release|Any CPU
		{9FEF7CC3-4EDB-4CE7-8EB4-11286753B643}.Debug|Any CPU.ActiveCfg = Debug|Any CPU
		{9FEF7CC3-4EDB-4CE7-8EB4-11286753B643}.Debug|Any CPU.Build.0 = Debug|Any CPU
		{9FEF7CC3-4EDB-4CE7-8EB4-11286753B643}.Debug|x64.ActiveCfg = Debug|Any CPU
		{9FEF7CC3-4EDB-4CE7-8EB4-11286753B643}.Debug|x64.Build.0 = Debug|Any CPU
		{9FEF7CC3-4EDB-4CE7-8EB4-11286753B643}.Debug|x86.ActiveCfg = Debug|Any CPU
		{9FEF7CC3-4EDB-4CE7-8EB4-11286753B643}.Debug|x86.Build.0 = Debug|Any CPU
		{9FEF7CC3-4EDB-4CE7-8EB4-11286753B643}.Release|Any CPU.ActiveCfg = Release|Any CPU
		{9FEF7CC3-4EDB-4CE7-8EB4-11286753B643}.Release|Any CPU.Build.0 = Release|Any CPU
		{9FEF7CC3-4EDB-4CE7-8EB4-11286753B643}.Release|x64.ActiveCfg = Release|Any CPU
		{9FEF7CC3-4EDB-4CE7-8EB4-11286753B643}.Release|x64.Build.0 = Release|Any CPU
		{9FEF7CC3-4EDB-4CE7-8EB4-11286753B643}.Release|x86.ActiveCfg = Release|Any CPU
		{9FEF7CC3-4EDB-4CE7-8EB4-11286753B643}.Release|x86.Build.0 = Release|Any CPU
		{AD078B59-F5A0-484B-ADBC-B28F2CC73922}.Debug|Any CPU.ActiveCfg = Debug|Any CPU
		{AD078B59-F5A0-484B-ADBC-B28F2CC73922}.Debug|Any CPU.Build.0 = Debug|Any CPU
		{AD078B59-F5A0-484B-ADBC-B28F2CC73922}.Debug|x64.ActiveCfg = Debug|Any CPU
		{AD078B59-F5A0-484B-ADBC-B28F2CC73922}.Debug|x64.Build.0 = Debug|Any CPU
		{AD078B59-F5A0-484B-ADBC-B28F2CC73922}.Debug|x86.ActiveCfg = Debug|Any CPU
		{AD078B59-F5A0-484B-ADBC-B28F2CC73922}.Debug|x86.Build.0 = Debug|Any CPU
		{AD078B59-F5A0-484B-ADBC-B28F2CC73922}.Release|Any CPU.ActiveCfg = Release|Any CPU
		{AD078B59-F5A0-484B-ADBC-B28F2CC73922}.Release|Any CPU.Build.0 = Release|Any CPU
		{AD078B59-F5A0-484B-ADBC-B28F2CC73922}.Release|x64.ActiveCfg = Release|Any CPU
		{AD078B59-F5A0-484B-ADBC-B28F2CC73922}.Release|x64.Build.0 = Release|Any CPU
		{AD078B59-F5A0-484B-ADBC-B28F2CC73922}.Release|x86.ActiveCfg = Release|Any CPU
		{AD078B59-F5A0-484B-ADBC-B28F2CC73922}.Release|x86.Build.0 = Release|Any CPU
		{66530117-99CD-43BE-A5E7-650B627C05F6}.Debug|Any CPU.ActiveCfg = Debug|Any CPU
		{66530117-99CD-43BE-A5E7-650B627C05F6}.Debug|Any CPU.Build.0 = Debug|Any CPU
		{66530117-99CD-43BE-A5E7-650B627C05F6}.Debug|x64.ActiveCfg = Debug|Any CPU
		{66530117-99CD-43BE-A5E7-650B627C05F6}.Debug|x64.Build.0 = Debug|Any CPU
		{66530117-99CD-43BE-A5E7-650B627C05F6}.Debug|x86.ActiveCfg = Debug|Any CPU
		{66530117-99CD-43BE-A5E7-650B627C05F6}.Debug|x86.Build.0 = Debug|Any CPU
		{66530117-99CD-43BE-A5E7-650B627C05F6}.Release|Any CPU.ActiveCfg = Release|Any CPU
		{66530117-99CD-43BE-A5E7-650B627C05F6}.Release|Any CPU.Build.0 = Release|Any CPU
		{66530117-99CD-43BE-A5E7-650B627C05F6}.Release|x64.ActiveCfg = Release|Any CPU
		{66530117-99CD-43BE-A5E7-650B627C05F6}.Release|x64.Build.0 = Release|Any CPU
		{66530117-99CD-43BE-A5E7-650B627C05F6}.Release|x86.ActiveCfg = Release|Any CPU
		{66530117-99CD-43BE-A5E7-650B627C05F6}.Release|x86.Build.0 = Release|Any CPU
		{2D8017FB-4F9A-4434-9CE6-4C497D4F0636}.Debug|Any CPU.ActiveCfg = Debug|Any CPU
		{2D8017FB-4F9A-4434-9CE6-4C497D4F0636}.Debug|Any CPU.Build.0 = Debug|Any CPU
		{2D8017FB-4F9A-4434-9CE6-4C497D4F0636}.Debug|x64.ActiveCfg = Debug|Any CPU
		{2D8017FB-4F9A-4434-9CE6-4C497D4F0636}.Debug|x64.Build.0 = Debug|Any CPU
		{2D8017FB-4F9A-4434-9CE6-4C497D4F0636}.Debug|x86.ActiveCfg = Debug|Any CPU
		{2D8017FB-4F9A-4434-9CE6-4C497D4F0636}.Debug|x86.Build.0 = Debug|Any CPU
		{2D8017FB-4F9A-4434-9CE6-4C497D4F0636}.Release|Any CPU.ActiveCfg = Release|Any CPU
		{2D8017FB-4F9A-4434-9CE6-4C497D4F0636}.Release|Any CPU.Build.0 = Release|Any CPU
		{2D8017FB-4F9A-4434-9CE6-4C497D4F0636}.Release|x64.ActiveCfg = Release|Any CPU
		{2D8017FB-4F9A-4434-9CE6-4C497D4F0636}.Release|x64.Build.0 = Release|Any CPU
		{2D8017FB-4F9A-4434-9CE6-4C497D4F0636}.Release|x86.ActiveCfg = Release|Any CPU
		{2D8017FB-4F9A-4434-9CE6-4C497D4F0636}.Release|x86.Build.0 = Release|Any CPU
		{95A9F794-770E-442E-9D60-3625B1EB5A70}.Debug|Any CPU.ActiveCfg = Debug|Any CPU
		{95A9F794-770E-442E-9D60-3625B1EB5A70}.Debug|Any CPU.Build.0 = Debug|Any CPU
		{95A9F794-770E-442E-9D60-3625B1EB5A70}.Debug|x64.ActiveCfg = Debug|Any CPU
		{95A9F794-770E-442E-9D60-3625B1EB5A70}.Debug|x64.Build.0 = Debug|Any CPU
		{95A9F794-770E-442E-9D60-3625B1EB5A70}.Debug|x86.ActiveCfg = Debug|Any CPU
		{95A9F794-770E-442E-9D60-3625B1EB5A70}.Debug|x86.Build.0 = Debug|Any CPU
		{95A9F794-770E-442E-9D60-3625B1EB5A70}.Release|Any CPU.ActiveCfg = Release|Any CPU
		{95A9F794-770E-442E-9D60-3625B1EB5A70}.Release|Any CPU.Build.0 = Release|Any CPU
		{95A9F794-770E-442E-9D60-3625B1EB5A70}.Release|x64.ActiveCfg = Release|Any CPU
		{95A9F794-770E-442E-9D60-3625B1EB5A70}.Release|x64.Build.0 = Release|Any CPU
		{95A9F794-770E-442E-9D60-3625B1EB5A70}.Release|x86.ActiveCfg = Release|Any CPU
		{95A9F794-770E-442E-9D60-3625B1EB5A70}.Release|x86.Build.0 = Release|Any CPU
		{DFCEFC75-CA49-418C-807F-2524D3664722}.Debug|Any CPU.ActiveCfg = Debug|Any CPU
		{DFCEFC75-CA49-418C-807F-2524D3664722}.Debug|Any CPU.Build.0 = Debug|Any CPU
		{DFCEFC75-CA49-418C-807F-2524D3664722}.Debug|x64.ActiveCfg = Debug|Any CPU
		{DFCEFC75-CA49-418C-807F-2524D3664722}.Debug|x64.Build.0 = Debug|Any CPU
		{DFCEFC75-CA49-418C-807F-2524D3664722}.Debug|x86.ActiveCfg = Debug|Any CPU
		{DFCEFC75-CA49-418C-807F-2524D3664722}.Debug|x86.Build.0 = Debug|Any CPU
		{DFCEFC75-CA49-418C-807F-2524D3664722}.Release|Any CPU.ActiveCfg = Release|Any CPU
		{DFCEFC75-CA49-418C-807F-2524D3664722}.Release|Any CPU.Build.0 = Release|Any CPU
		{DFCEFC75-CA49-418C-807F-2524D3664722}.Release|x64.ActiveCfg = Release|Any CPU
		{DFCEFC75-CA49-418C-807F-2524D3664722}.Release|x64.Build.0 = Release|Any CPU
		{DFCEFC75-CA49-418C-807F-2524D3664722}.Release|x86.ActiveCfg = Release|Any CPU
		{DFCEFC75-CA49-418C-807F-2524D3664722}.Release|x86.Build.0 = Release|Any CPU
		{A10ADA67-D42A-43C8-B52A-D4E14B8D8F58}.Debug|Any CPU.ActiveCfg = Debug|Any CPU
		{A10ADA67-D42A-43C8-B52A-D4E14B8D8F58}.Debug|Any CPU.Build.0 = Debug|Any CPU
		{A10ADA67-D42A-43C8-B52A-D4E14B8D8F58}.Debug|x64.ActiveCfg = Debug|Any CPU
		{A10ADA67-D42A-43C8-B52A-D4E14B8D8F58}.Debug|x64.Build.0 = Debug|Any CPU
		{A10ADA67-D42A-43C8-B52A-D4E14B8D8F58}.Debug|x86.ActiveCfg = Debug|Any CPU
		{A10ADA67-D42A-43C8-B52A-D4E14B8D8F58}.Debug|x86.Build.0 = Debug|Any CPU
		{A10ADA67-D42A-43C8-B52A-D4E14B8D8F58}.Release|Any CPU.ActiveCfg = Release|Any CPU
		{A10ADA67-D42A-43C8-B52A-D4E14B8D8F58}.Release|Any CPU.Build.0 = Release|Any CPU
		{A10ADA67-D42A-43C8-B52A-D4E14B8D8F58}.Release|x64.ActiveCfg = Release|Any CPU
		{A10ADA67-D42A-43C8-B52A-D4E14B8D8F58}.Release|x64.Build.0 = Release|Any CPU
		{A10ADA67-D42A-43C8-B52A-D4E14B8D8F58}.Release|x86.ActiveCfg = Release|Any CPU
		{A10ADA67-D42A-43C8-B52A-D4E14B8D8F58}.Release|x86.Build.0 = Release|Any CPU
		{45405A3A-3069-4DB7-80FC-2D0E794920CE}.Debug|Any CPU.ActiveCfg = Debug|Any CPU
		{45405A3A-3069-4DB7-80FC-2D0E794920CE}.Debug|Any CPU.Build.0 = Debug|Any CPU
		{45405A3A-3069-4DB7-80FC-2D0E794920CE}.Debug|x64.ActiveCfg = Debug|Any CPU
		{45405A3A-3069-4DB7-80FC-2D0E794920CE}.Debug|x64.Build.0 = Debug|Any CPU
		{45405A3A-3069-4DB7-80FC-2D0E794920CE}.Debug|x86.ActiveCfg = Debug|Any CPU
		{45405A3A-3069-4DB7-80FC-2D0E794920CE}.Debug|x86.Build.0 = Debug|Any CPU
		{45405A3A-3069-4DB7-80FC-2D0E794920CE}.Release|Any CPU.ActiveCfg = Release|Any CPU
		{45405A3A-3069-4DB7-80FC-2D0E794920CE}.Release|Any CPU.Build.0 = Release|Any CPU
		{45405A3A-3069-4DB7-80FC-2D0E794920CE}.Release|x64.ActiveCfg = Release|Any CPU
		{45405A3A-3069-4DB7-80FC-2D0E794920CE}.Release|x64.Build.0 = Release|Any CPU
		{45405A3A-3069-4DB7-80FC-2D0E794920CE}.Release|x86.ActiveCfg = Release|Any CPU
		{45405A3A-3069-4DB7-80FC-2D0E794920CE}.Release|x86.Build.0 = Release|Any CPU
		{736512B9-75BD-4E42-88B8-DE84688D6AAD}.Debug|Any CPU.ActiveCfg = Debug|Any CPU
		{736512B9-75BD-4E42-88B8-DE84688D6AAD}.Debug|Any CPU.Build.0 = Debug|Any CPU
		{736512B9-75BD-4E42-88B8-DE84688D6AAD}.Debug|x64.ActiveCfg = Debug|Any CPU
		{736512B9-75BD-4E42-88B8-DE84688D6AAD}.Debug|x64.Build.0 = Debug|Any CPU
		{736512B9-75BD-4E42-88B8-DE84688D6AAD}.Debug|x86.ActiveCfg = Debug|Any CPU
		{736512B9-75BD-4E42-88B8-DE84688D6AAD}.Debug|x86.Build.0 = Debug|Any CPU
		{736512B9-75BD-4E42-88B8-DE84688D6AAD}.Release|Any CPU.ActiveCfg = Release|Any CPU
		{736512B9-75BD-4E42-88B8-DE84688D6AAD}.Release|Any CPU.Build.0 = Release|Any CPU
		{736512B9-75BD-4E42-88B8-DE84688D6AAD}.Release|x64.ActiveCfg = Release|Any CPU
		{736512B9-75BD-4E42-88B8-DE84688D6AAD}.Release|x64.Build.0 = Release|Any CPU
		{736512B9-75BD-4E42-88B8-DE84688D6AAD}.Release|x86.ActiveCfg = Release|Any CPU
		{736512B9-75BD-4E42-88B8-DE84688D6AAD}.Release|x86.Build.0 = Release|Any CPU
		{C43BCB45-B6E4-49CF-90A1-625F14EE6A9B}.Debug|Any CPU.ActiveCfg = Debug|Any CPU
		{C43BCB45-B6E4-49CF-90A1-625F14EE6A9B}.Debug|Any CPU.Build.0 = Debug|Any CPU
		{C43BCB45-B6E4-49CF-90A1-625F14EE6A9B}.Debug|x64.ActiveCfg = Debug|Any CPU
		{C43BCB45-B6E4-49CF-90A1-625F14EE6A9B}.Debug|x64.Build.0 = Debug|Any CPU
		{C43BCB45-B6E4-49CF-90A1-625F14EE6A9B}.Debug|x86.ActiveCfg = Debug|Any CPU
		{C43BCB45-B6E4-49CF-90A1-625F14EE6A9B}.Debug|x86.Build.0 = Debug|Any CPU
		{C43BCB45-B6E4-49CF-90A1-625F14EE6A9B}.Release|Any CPU.ActiveCfg = Release|Any CPU
		{C43BCB45-B6E4-49CF-90A1-625F14EE6A9B}.Release|Any CPU.Build.0 = Release|Any CPU
		{C43BCB45-B6E4-49CF-90A1-625F14EE6A9B}.Release|x64.ActiveCfg = Release|Any CPU
		{C43BCB45-B6E4-49CF-90A1-625F14EE6A9B}.Release|x64.Build.0 = Release|Any CPU
		{C43BCB45-B6E4-49CF-90A1-625F14EE6A9B}.Release|x86.ActiveCfg = Release|Any CPU
		{C43BCB45-B6E4-49CF-90A1-625F14EE6A9B}.Release|x86.Build.0 = Release|Any CPU
		{8C234AFB-DE4C-4E25-A609-79EB5EB11621}.Debug|Any CPU.ActiveCfg = Debug|Any CPU
		{8C234AFB-DE4C-4E25-A609-79EB5EB11621}.Debug|Any CPU.Build.0 = Debug|Any CPU
		{8C234AFB-DE4C-4E25-A609-79EB5EB11621}.Debug|x64.ActiveCfg = Debug|Any CPU
		{8C234AFB-DE4C-4E25-A609-79EB5EB11621}.Debug|x64.Build.0 = Debug|Any CPU
		{8C234AFB-DE4C-4E25-A609-79EB5EB11621}.Debug|x86.ActiveCfg = Debug|Any CPU
		{8C234AFB-DE4C-4E25-A609-79EB5EB11621}.Debug|x86.Build.0 = Debug|Any CPU
		{8C234AFB-DE4C-4E25-A609-79EB5EB11621}.Release|Any CPU.ActiveCfg = Release|Any CPU
		{8C234AFB-DE4C-4E25-A609-79EB5EB11621}.Release|Any CPU.Build.0 = Release|Any CPU
		{8C234AFB-DE4C-4E25-A609-79EB5EB11621}.Release|x64.ActiveCfg = Release|Any CPU
		{8C234AFB-DE4C-4E25-A609-79EB5EB11621}.Release|x64.Build.0 = Release|Any CPU
		{8C234AFB-DE4C-4E25-A609-79EB5EB11621}.Release|x86.ActiveCfg = Release|Any CPU
		{8C234AFB-DE4C-4E25-A609-79EB5EB11621}.Release|x86.Build.0 = Release|Any CPU
		{1B89D5B2-91E9-4284-9948-406AACF6B10E}.Debug|Any CPU.ActiveCfg = Debug|Any CPU
		{1B89D5B2-91E9-4284-9948-406AACF6B10E}.Debug|Any CPU.Build.0 = Debug|Any CPU
		{1B89D5B2-91E9-4284-9948-406AACF6B10E}.Debug|x64.ActiveCfg = Debug|Any CPU
		{1B89D5B2-91E9-4284-9948-406AACF6B10E}.Debug|x64.Build.0 = Debug|Any CPU
		{1B89D5B2-91E9-4284-9948-406AACF6B10E}.Debug|x86.ActiveCfg = Debug|Any CPU
		{1B89D5B2-91E9-4284-9948-406AACF6B10E}.Debug|x86.Build.0 = Debug|Any CPU
		{1B89D5B2-91E9-4284-9948-406AACF6B10E}.Release|Any CPU.ActiveCfg = Release|Any CPU
		{1B89D5B2-91E9-4284-9948-406AACF6B10E}.Release|Any CPU.Build.0 = Release|Any CPU
		{1B89D5B2-91E9-4284-9948-406AACF6B10E}.Release|x64.ActiveCfg = Release|Any CPU
		{1B89D5B2-91E9-4284-9948-406AACF6B10E}.Release|x64.Build.0 = Release|Any CPU
		{1B89D5B2-91E9-4284-9948-406AACF6B10E}.Release|x86.ActiveCfg = Release|Any CPU
		{1B89D5B2-91E9-4284-9948-406AACF6B10E}.Release|x86.Build.0 = Release|Any CPU
		{83733597-E04A-4825-A601-F5FF9AE1DD7C}.Debug|Any CPU.ActiveCfg = Debug|Any CPU
		{83733597-E04A-4825-A601-F5FF9AE1DD7C}.Debug|Any CPU.Build.0 = Debug|Any CPU
		{83733597-E04A-4825-A601-F5FF9AE1DD7C}.Debug|x64.ActiveCfg = Debug|Any CPU
		{83733597-E04A-4825-A601-F5FF9AE1DD7C}.Debug|x64.Build.0 = Debug|Any CPU
		{83733597-E04A-4825-A601-F5FF9AE1DD7C}.Debug|x86.ActiveCfg = Debug|Any CPU
		{83733597-E04A-4825-A601-F5FF9AE1DD7C}.Debug|x86.Build.0 = Debug|Any CPU
		{83733597-E04A-4825-A601-F5FF9AE1DD7C}.Release|Any CPU.ActiveCfg = Release|Any CPU
		{83733597-E04A-4825-A601-F5FF9AE1DD7C}.Release|Any CPU.Build.0 = Release|Any CPU
		{83733597-E04A-4825-A601-F5FF9AE1DD7C}.Release|x64.ActiveCfg = Release|Any CPU
		{83733597-E04A-4825-A601-F5FF9AE1DD7C}.Release|x64.Build.0 = Release|Any CPU
		{83733597-E04A-4825-A601-F5FF9AE1DD7C}.Release|x86.ActiveCfg = Release|Any CPU
		{83733597-E04A-4825-A601-F5FF9AE1DD7C}.Release|x86.Build.0 = Release|Any CPU
		{4FD76A3A-A07D-4FEE-91C7-C98C4D0D1C4F}.Debug|Any CPU.ActiveCfg = Debug|Any CPU
		{4FD76A3A-A07D-4FEE-91C7-C98C4D0D1C4F}.Debug|Any CPU.Build.0 = Debug|Any CPU
		{4FD76A3A-A07D-4FEE-91C7-C98C4D0D1C4F}.Debug|x64.ActiveCfg = Debug|Any CPU
		{4FD76A3A-A07D-4FEE-91C7-C98C4D0D1C4F}.Debug|x64.Build.0 = Debug|Any CPU
		{4FD76A3A-A07D-4FEE-91C7-C98C4D0D1C4F}.Debug|x86.ActiveCfg = Debug|Any CPU
		{4FD76A3A-A07D-4FEE-91C7-C98C4D0D1C4F}.Debug|x86.Build.0 = Debug|Any CPU
		{4FD76A3A-A07D-4FEE-91C7-C98C4D0D1C4F}.Release|Any CPU.ActiveCfg = Release|Any CPU
		{4FD76A3A-A07D-4FEE-91C7-C98C4D0D1C4F}.Release|Any CPU.Build.0 = Release|Any CPU
		{4FD76A3A-A07D-4FEE-91C7-C98C4D0D1C4F}.Release|x64.ActiveCfg = Release|Any CPU
		{4FD76A3A-A07D-4FEE-91C7-C98C4D0D1C4F}.Release|x64.Build.0 = Release|Any CPU
		{4FD76A3A-A07D-4FEE-91C7-C98C4D0D1C4F}.Release|x86.ActiveCfg = Release|Any CPU
		{4FD76A3A-A07D-4FEE-91C7-C98C4D0D1C4F}.Release|x86.Build.0 = Release|Any CPU
		{2A203BCC-7D3F-4D97-9935-16E590A9FE31}.Debug|Any CPU.ActiveCfg = Debug|Any CPU
		{2A203BCC-7D3F-4D97-9935-16E590A9FE31}.Debug|Any CPU.Build.0 = Debug|Any CPU
		{2A203BCC-7D3F-4D97-9935-16E590A9FE31}.Debug|x64.ActiveCfg = Debug|Any CPU
		{2A203BCC-7D3F-4D97-9935-16E590A9FE31}.Debug|x64.Build.0 = Debug|Any CPU
		{2A203BCC-7D3F-4D97-9935-16E590A9FE31}.Debug|x86.ActiveCfg = Debug|Any CPU
		{2A203BCC-7D3F-4D97-9935-16E590A9FE31}.Debug|x86.Build.0 = Debug|Any CPU
		{2A203BCC-7D3F-4D97-9935-16E590A9FE31}.Release|Any CPU.ActiveCfg = Release|Any CPU
		{2A203BCC-7D3F-4D97-9935-16E590A9FE31}.Release|Any CPU.Build.0 = Release|Any CPU
		{2A203BCC-7D3F-4D97-9935-16E590A9FE31}.Release|x64.ActiveCfg = Release|Any CPU
		{2A203BCC-7D3F-4D97-9935-16E590A9FE31}.Release|x64.Build.0 = Release|Any CPU
		{2A203BCC-7D3F-4D97-9935-16E590A9FE31}.Release|x86.ActiveCfg = Release|Any CPU
		{2A203BCC-7D3F-4D97-9935-16E590A9FE31}.Release|x86.Build.0 = Release|Any CPU
		{E75E749F-B5E3-493D-9244-6EA5C7F41FD8}.Debug|Any CPU.ActiveCfg = Debug|Any CPU
		{E75E749F-B5E3-493D-9244-6EA5C7F41FD8}.Debug|Any CPU.Build.0 = Debug|Any CPU
		{E75E749F-B5E3-493D-9244-6EA5C7F41FD8}.Debug|x64.ActiveCfg = Debug|Any CPU
		{E75E749F-B5E3-493D-9244-6EA5C7F41FD8}.Debug|x64.Build.0 = Debug|Any CPU
		{E75E749F-B5E3-493D-9244-6EA5C7F41FD8}.Debug|x86.ActiveCfg = Debug|Any CPU
		{E75E749F-B5E3-493D-9244-6EA5C7F41FD8}.Debug|x86.Build.0 = Debug|Any CPU
		{E75E749F-B5E3-493D-9244-6EA5C7F41FD8}.Release|Any CPU.ActiveCfg = Release|Any CPU
		{E75E749F-B5E3-493D-9244-6EA5C7F41FD8}.Release|Any CPU.Build.0 = Release|Any CPU
		{E75E749F-B5E3-493D-9244-6EA5C7F41FD8}.Release|x64.ActiveCfg = Release|Any CPU
		{E75E749F-B5E3-493D-9244-6EA5C7F41FD8}.Release|x64.Build.0 = Release|Any CPU
		{E75E749F-B5E3-493D-9244-6EA5C7F41FD8}.Release|x86.ActiveCfg = Release|Any CPU
		{E75E749F-B5E3-493D-9244-6EA5C7F41FD8}.Release|x86.Build.0 = Release|Any CPU
		{4E5549E5-8E28-4746-87DB-F160DEEF9A6D}.Debug|Any CPU.ActiveCfg = Debug|Any CPU
		{4E5549E5-8E28-4746-87DB-F160DEEF9A6D}.Debug|Any CPU.Build.0 = Debug|Any CPU
		{4E5549E5-8E28-4746-87DB-F160DEEF9A6D}.Debug|x64.ActiveCfg = Debug|Any CPU
		{4E5549E5-8E28-4746-87DB-F160DEEF9A6D}.Debug|x64.Build.0 = Debug|Any CPU
		{4E5549E5-8E28-4746-87DB-F160DEEF9A6D}.Debug|x86.ActiveCfg = Debug|Any CPU
		{4E5549E5-8E28-4746-87DB-F160DEEF9A6D}.Debug|x86.Build.0 = Debug|Any CPU
		{4E5549E5-8E28-4746-87DB-F160DEEF9A6D}.Release|Any CPU.ActiveCfg = Release|Any CPU
		{4E5549E5-8E28-4746-87DB-F160DEEF9A6D}.Release|Any CPU.Build.0 = Release|Any CPU
		{4E5549E5-8E28-4746-87DB-F160DEEF9A6D}.Release|x64.ActiveCfg = Release|Any CPU
		{4E5549E5-8E28-4746-87DB-F160DEEF9A6D}.Release|x64.Build.0 = Release|Any CPU
		{4E5549E5-8E28-4746-87DB-F160DEEF9A6D}.Release|x86.ActiveCfg = Release|Any CPU
		{4E5549E5-8E28-4746-87DB-F160DEEF9A6D}.Release|x86.Build.0 = Release|Any CPU
		{522B7ED1-6633-4CCC-95FC-5018C4125EFA}.Debug|Any CPU.ActiveCfg = Debug|Any CPU
		{522B7ED1-6633-4CCC-95FC-5018C4125EFA}.Debug|Any CPU.Build.0 = Debug|Any CPU
		{522B7ED1-6633-4CCC-95FC-5018C4125EFA}.Debug|x64.ActiveCfg = Debug|Any CPU
		{522B7ED1-6633-4CCC-95FC-5018C4125EFA}.Debug|x64.Build.0 = Debug|Any CPU
		{522B7ED1-6633-4CCC-95FC-5018C4125EFA}.Debug|x86.ActiveCfg = Debug|Any CPU
		{522B7ED1-6633-4CCC-95FC-5018C4125EFA}.Debug|x86.Build.0 = Debug|Any CPU
		{522B7ED1-6633-4CCC-95FC-5018C4125EFA}.Release|Any CPU.ActiveCfg = Release|Any CPU
		{522B7ED1-6633-4CCC-95FC-5018C4125EFA}.Release|Any CPU.Build.0 = Release|Any CPU
		{522B7ED1-6633-4CCC-95FC-5018C4125EFA}.Release|x64.ActiveCfg = Release|Any CPU
		{522B7ED1-6633-4CCC-95FC-5018C4125EFA}.Release|x64.Build.0 = Release|Any CPU
		{522B7ED1-6633-4CCC-95FC-5018C4125EFA}.Release|x86.ActiveCfg = Release|Any CPU
		{522B7ED1-6633-4CCC-95FC-5018C4125EFA}.Release|x86.Build.0 = Release|Any CPU
		{C8E237E4-39D2-459E-B0EA-002FCF9FA031}.Debug|Any CPU.ActiveCfg = Debug|Any CPU
		{C8E237E4-39D2-459E-B0EA-002FCF9FA031}.Debug|Any CPU.Build.0 = Debug|Any CPU
		{C8E237E4-39D2-459E-B0EA-002FCF9FA031}.Debug|x64.ActiveCfg = Debug|Any CPU
		{C8E237E4-39D2-459E-B0EA-002FCF9FA031}.Debug|x64.Build.0 = Debug|Any CPU
		{C8E237E4-39D2-459E-B0EA-002FCF9FA031}.Debug|x86.ActiveCfg = Debug|Any CPU
		{C8E237E4-39D2-459E-B0EA-002FCF9FA031}.Debug|x86.Build.0 = Debug|Any CPU
		{C8E237E4-39D2-459E-B0EA-002FCF9FA031}.Release|Any CPU.ActiveCfg = Release|Any CPU
		{C8E237E4-39D2-459E-B0EA-002FCF9FA031}.Release|Any CPU.Build.0 = Release|Any CPU
		{C8E237E4-39D2-459E-B0EA-002FCF9FA031}.Release|x64.ActiveCfg = Release|Any CPU
		{C8E237E4-39D2-459E-B0EA-002FCF9FA031}.Release|x64.Build.0 = Release|Any CPU
		{C8E237E4-39D2-459E-B0EA-002FCF9FA031}.Release|x86.ActiveCfg = Release|Any CPU
		{C8E237E4-39D2-459E-B0EA-002FCF9FA031}.Release|x86.Build.0 = Release|Any CPU
		{2B2725D6-6FF0-4ED8-9821-2C088F0621B6}.Debug|Any CPU.ActiveCfg = Debug|Any CPU
		{2B2725D6-6FF0-4ED8-9821-2C088F0621B6}.Debug|Any CPU.Build.0 = Debug|Any CPU
		{2B2725D6-6FF0-4ED8-9821-2C088F0621B6}.Debug|x64.ActiveCfg = Debug|Any CPU
		{2B2725D6-6FF0-4ED8-9821-2C088F0621B6}.Debug|x64.Build.0 = Debug|Any CPU
		{2B2725D6-6FF0-4ED8-9821-2C088F0621B6}.Debug|x86.ActiveCfg = Debug|Any CPU
		{2B2725D6-6FF0-4ED8-9821-2C088F0621B6}.Debug|x86.Build.0 = Debug|Any CPU
		{2B2725D6-6FF0-4ED8-9821-2C088F0621B6}.Release|Any CPU.ActiveCfg = Release|Any CPU
		{2B2725D6-6FF0-4ED8-9821-2C088F0621B6}.Release|Any CPU.Build.0 = Release|Any CPU
		{2B2725D6-6FF0-4ED8-9821-2C088F0621B6}.Release|x64.ActiveCfg = Release|Any CPU
		{2B2725D6-6FF0-4ED8-9821-2C088F0621B6}.Release|x64.Build.0 = Release|Any CPU
		{2B2725D6-6FF0-4ED8-9821-2C088F0621B6}.Release|x86.ActiveCfg = Release|Any CPU
		{2B2725D6-6FF0-4ED8-9821-2C088F0621B6}.Release|x86.Build.0 = Release|Any CPU
		{4632A36D-3F30-4211-80DD-82ED40F49BB2}.Debug|Any CPU.ActiveCfg = Debug|Any CPU
		{4632A36D-3F30-4211-80DD-82ED40F49BB2}.Debug|Any CPU.Build.0 = Debug|Any CPU
		{4632A36D-3F30-4211-80DD-82ED40F49BB2}.Debug|x64.ActiveCfg = Debug|Any CPU
		{4632A36D-3F30-4211-80DD-82ED40F49BB2}.Debug|x64.Build.0 = Debug|Any CPU
		{4632A36D-3F30-4211-80DD-82ED40F49BB2}.Debug|x86.ActiveCfg = Debug|Any CPU
		{4632A36D-3F30-4211-80DD-82ED40F49BB2}.Debug|x86.Build.0 = Debug|Any CPU
		{4632A36D-3F30-4211-80DD-82ED40F49BB2}.Release|Any CPU.ActiveCfg = Release|Any CPU
		{4632A36D-3F30-4211-80DD-82ED40F49BB2}.Release|Any CPU.Build.0 = Release|Any CPU
		{4632A36D-3F30-4211-80DD-82ED40F49BB2}.Release|x64.ActiveCfg = Release|Any CPU
		{4632A36D-3F30-4211-80DD-82ED40F49BB2}.Release|x64.Build.0 = Release|Any CPU
		{4632A36D-3F30-4211-80DD-82ED40F49BB2}.Release|x86.ActiveCfg = Release|Any CPU
		{4632A36D-3F30-4211-80DD-82ED40F49BB2}.Release|x86.Build.0 = Release|Any CPU
		{E425C81E-D797-48E7-8D50-F6908AC1BCCB}.Debug|Any CPU.ActiveCfg = Debug|Any CPU
		{E425C81E-D797-48E7-8D50-F6908AC1BCCB}.Debug|Any CPU.Build.0 = Debug|Any CPU
		{E425C81E-D797-48E7-8D50-F6908AC1BCCB}.Debug|x64.ActiveCfg = Debug|Any CPU
		{E425C81E-D797-48E7-8D50-F6908AC1BCCB}.Debug|x64.Build.0 = Debug|Any CPU
		{E425C81E-D797-48E7-8D50-F6908AC1BCCB}.Debug|x86.ActiveCfg = Debug|Any CPU
		{E425C81E-D797-48E7-8D50-F6908AC1BCCB}.Debug|x86.Build.0 = Debug|Any CPU
		{E425C81E-D797-48E7-8D50-F6908AC1BCCB}.Release|Any CPU.ActiveCfg = Release|Any CPU
		{E425C81E-D797-48E7-8D50-F6908AC1BCCB}.Release|Any CPU.Build.0 = Release|Any CPU
		{E425C81E-D797-48E7-8D50-F6908AC1BCCB}.Release|x64.ActiveCfg = Release|Any CPU
		{E425C81E-D797-48E7-8D50-F6908AC1BCCB}.Release|x64.Build.0 = Release|Any CPU
		{E425C81E-D797-48E7-8D50-F6908AC1BCCB}.Release|x86.ActiveCfg = Release|Any CPU
		{E425C81E-D797-48E7-8D50-F6908AC1BCCB}.Release|x86.Build.0 = Release|Any CPU
		{FAA26A5A-5C9D-4135-ADAB-0031189F34C7}.Debug|Any CPU.ActiveCfg = Debug|Any CPU
		{FAA26A5A-5C9D-4135-ADAB-0031189F34C7}.Debug|Any CPU.Build.0 = Debug|Any CPU
		{FAA26A5A-5C9D-4135-ADAB-0031189F34C7}.Debug|x64.ActiveCfg = Debug|Any CPU
		{FAA26A5A-5C9D-4135-ADAB-0031189F34C7}.Debug|x64.Build.0 = Debug|Any CPU
		{FAA26A5A-5C9D-4135-ADAB-0031189F34C7}.Debug|x86.ActiveCfg = Debug|Any CPU
		{FAA26A5A-5C9D-4135-ADAB-0031189F34C7}.Debug|x86.Build.0 = Debug|Any CPU
		{FAA26A5A-5C9D-4135-ADAB-0031189F34C7}.Release|Any CPU.ActiveCfg = Release|Any CPU
		{FAA26A5A-5C9D-4135-ADAB-0031189F34C7}.Release|Any CPU.Build.0 = Release|Any CPU
		{FAA26A5A-5C9D-4135-ADAB-0031189F34C7}.Release|x64.ActiveCfg = Release|Any CPU
		{FAA26A5A-5C9D-4135-ADAB-0031189F34C7}.Release|x64.Build.0 = Release|Any CPU
		{FAA26A5A-5C9D-4135-ADAB-0031189F34C7}.Release|x86.ActiveCfg = Release|Any CPU
		{FAA26A5A-5C9D-4135-ADAB-0031189F34C7}.Release|x86.Build.0 = Release|Any CPU
		{07C7B870-88D0-4BB1-BC45-4F51A8EF25A1}.Debug|Any CPU.ActiveCfg = Debug|Any CPU
		{07C7B870-88D0-4BB1-BC45-4F51A8EF25A1}.Debug|Any CPU.Build.0 = Debug|Any CPU
		{07C7B870-88D0-4BB1-BC45-4F51A8EF25A1}.Debug|x64.ActiveCfg = Debug|Any CPU
		{07C7B870-88D0-4BB1-BC45-4F51A8EF25A1}.Debug|x64.Build.0 = Debug|Any CPU
		{07C7B870-88D0-4BB1-BC45-4F51A8EF25A1}.Debug|x86.ActiveCfg = Debug|Any CPU
		{07C7B870-88D0-4BB1-BC45-4F51A8EF25A1}.Debug|x86.Build.0 = Debug|Any CPU
		{07C7B870-88D0-4BB1-BC45-4F51A8EF25A1}.Release|Any CPU.ActiveCfg = Release|Any CPU
		{07C7B870-88D0-4BB1-BC45-4F51A8EF25A1}.Release|Any CPU.Build.0 = Release|Any CPU
		{07C7B870-88D0-4BB1-BC45-4F51A8EF25A1}.Release|x64.ActiveCfg = Release|Any CPU
		{07C7B870-88D0-4BB1-BC45-4F51A8EF25A1}.Release|x64.Build.0 = Release|Any CPU
		{07C7B870-88D0-4BB1-BC45-4F51A8EF25A1}.Release|x86.ActiveCfg = Release|Any CPU
		{07C7B870-88D0-4BB1-BC45-4F51A8EF25A1}.Release|x86.Build.0 = Release|Any CPU
		{690B5EF3-46BC-4CF9-83A5-9FA2689D1ED5}.Debug|Any CPU.ActiveCfg = Debug|Any CPU
		{690B5EF3-46BC-4CF9-83A5-9FA2689D1ED5}.Debug|Any CPU.Build.0 = Debug|Any CPU
		{690B5EF3-46BC-4CF9-83A5-9FA2689D1ED5}.Debug|x64.ActiveCfg = Debug|Any CPU
		{690B5EF3-46BC-4CF9-83A5-9FA2689D1ED5}.Debug|x64.Build.0 = Debug|Any CPU
		{690B5EF3-46BC-4CF9-83A5-9FA2689D1ED5}.Debug|x86.ActiveCfg = Debug|Any CPU
		{690B5EF3-46BC-4CF9-83A5-9FA2689D1ED5}.Debug|x86.Build.0 = Debug|Any CPU
		{690B5EF3-46BC-4CF9-83A5-9FA2689D1ED5}.Release|Any CPU.ActiveCfg = Release|Any CPU
		{690B5EF3-46BC-4CF9-83A5-9FA2689D1ED5}.Release|Any CPU.Build.0 = Release|Any CPU
		{690B5EF3-46BC-4CF9-83A5-9FA2689D1ED5}.Release|x64.ActiveCfg = Release|Any CPU
		{690B5EF3-46BC-4CF9-83A5-9FA2689D1ED5}.Release|x64.Build.0 = Release|Any CPU
		{690B5EF3-46BC-4CF9-83A5-9FA2689D1ED5}.Release|x86.ActiveCfg = Release|Any CPU
		{690B5EF3-46BC-4CF9-83A5-9FA2689D1ED5}.Release|x86.Build.0 = Release|Any CPU
		{07BC976C-8414-482C-B796-170D0D42A4FE}.Debug|Any CPU.ActiveCfg = Debug|Any CPU
		{07BC976C-8414-482C-B796-170D0D42A4FE}.Debug|Any CPU.Build.0 = Debug|Any CPU
		{07BC976C-8414-482C-B796-170D0D42A4FE}.Debug|x64.ActiveCfg = Debug|Any CPU
		{07BC976C-8414-482C-B796-170D0D42A4FE}.Debug|x64.Build.0 = Debug|Any CPU
		{07BC976C-8414-482C-B796-170D0D42A4FE}.Debug|x86.ActiveCfg = Debug|Any CPU
		{07BC976C-8414-482C-B796-170D0D42A4FE}.Debug|x86.Build.0 = Debug|Any CPU
		{07BC976C-8414-482C-B796-170D0D42A4FE}.Release|Any CPU.ActiveCfg = Release|Any CPU
		{07BC976C-8414-482C-B796-170D0D42A4FE}.Release|Any CPU.Build.0 = Release|Any CPU
		{07BC976C-8414-482C-B796-170D0D42A4FE}.Release|x64.ActiveCfg = Release|Any CPU
		{07BC976C-8414-482C-B796-170D0D42A4FE}.Release|x64.Build.0 = Release|Any CPU
		{07BC976C-8414-482C-B796-170D0D42A4FE}.Release|x86.ActiveCfg = Release|Any CPU
		{07BC976C-8414-482C-B796-170D0D42A4FE}.Release|x86.Build.0 = Release|Any CPU
		{576ADECC-0CED-4F3A-A5EA-DB825E5C3196}.Debug|Any CPU.ActiveCfg = Debug|Any CPU
		{576ADECC-0CED-4F3A-A5EA-DB825E5C3196}.Debug|Any CPU.Build.0 = Debug|Any CPU
		{576ADECC-0CED-4F3A-A5EA-DB825E5C3196}.Debug|x64.ActiveCfg = Debug|Any CPU
		{576ADECC-0CED-4F3A-A5EA-DB825E5C3196}.Debug|x64.Build.0 = Debug|Any CPU
		{576ADECC-0CED-4F3A-A5EA-DB825E5C3196}.Debug|x86.ActiveCfg = Debug|Any CPU
		{576ADECC-0CED-4F3A-A5EA-DB825E5C3196}.Debug|x86.Build.0 = Debug|Any CPU
		{576ADECC-0CED-4F3A-A5EA-DB825E5C3196}.Release|Any CPU.ActiveCfg = Release|Any CPU
		{576ADECC-0CED-4F3A-A5EA-DB825E5C3196}.Release|Any CPU.Build.0 = Release|Any CPU
		{576ADECC-0CED-4F3A-A5EA-DB825E5C3196}.Release|x64.ActiveCfg = Release|Any CPU
		{576ADECC-0CED-4F3A-A5EA-DB825E5C3196}.Release|x64.Build.0 = Release|Any CPU
		{576ADECC-0CED-4F3A-A5EA-DB825E5C3196}.Release|x86.ActiveCfg = Release|Any CPU
		{576ADECC-0CED-4F3A-A5EA-DB825E5C3196}.Release|x86.Build.0 = Release|Any CPU
		{CDD6CF06-D998-4679-B40F-35B309C1D655}.Debug|Any CPU.ActiveCfg = Debug|Any CPU
		{CDD6CF06-D998-4679-B40F-35B309C1D655}.Debug|Any CPU.Build.0 = Debug|Any CPU
		{CDD6CF06-D998-4679-B40F-35B309C1D655}.Debug|x64.ActiveCfg = Debug|Any CPU
		{CDD6CF06-D998-4679-B40F-35B309C1D655}.Debug|x64.Build.0 = Debug|Any CPU
		{CDD6CF06-D998-4679-B40F-35B309C1D655}.Debug|x86.ActiveCfg = Debug|Any CPU
		{CDD6CF06-D998-4679-B40F-35B309C1D655}.Debug|x86.Build.0 = Debug|Any CPU
		{CDD6CF06-D998-4679-B40F-35B309C1D655}.Release|Any CPU.ActiveCfg = Release|Any CPU
		{CDD6CF06-D998-4679-B40F-35B309C1D655}.Release|Any CPU.Build.0 = Release|Any CPU
		{CDD6CF06-D998-4679-B40F-35B309C1D655}.Release|x64.ActiveCfg = Release|Any CPU
		{CDD6CF06-D998-4679-B40F-35B309C1D655}.Release|x64.Build.0 = Release|Any CPU
		{CDD6CF06-D998-4679-B40F-35B309C1D655}.Release|x86.ActiveCfg = Release|Any CPU
		{CDD6CF06-D998-4679-B40F-35B309C1D655}.Release|x86.Build.0 = Release|Any CPU
		{BB7E44AC-5281-43FF-898F-B9E6EFA4035E}.Debug|Any CPU.ActiveCfg = Debug|Any CPU
		{BB7E44AC-5281-43FF-898F-B9E6EFA4035E}.Debug|Any CPU.Build.0 = Debug|Any CPU
		{BB7E44AC-5281-43FF-898F-B9E6EFA4035E}.Debug|x64.ActiveCfg = Debug|Any CPU
		{BB7E44AC-5281-43FF-898F-B9E6EFA4035E}.Debug|x64.Build.0 = Debug|Any CPU
		{BB7E44AC-5281-43FF-898F-B9E6EFA4035E}.Debug|x86.ActiveCfg = Debug|Any CPU
		{BB7E44AC-5281-43FF-898F-B9E6EFA4035E}.Debug|x86.Build.0 = Debug|Any CPU
		{BB7E44AC-5281-43FF-898F-B9E6EFA4035E}.Release|Any CPU.ActiveCfg = Release|Any CPU
		{BB7E44AC-5281-43FF-898F-B9E6EFA4035E}.Release|Any CPU.Build.0 = Release|Any CPU
		{BB7E44AC-5281-43FF-898F-B9E6EFA4035E}.Release|x64.ActiveCfg = Release|Any CPU
		{BB7E44AC-5281-43FF-898F-B9E6EFA4035E}.Release|x64.Build.0 = Release|Any CPU
		{BB7E44AC-5281-43FF-898F-B9E6EFA4035E}.Release|x86.ActiveCfg = Release|Any CPU
		{BB7E44AC-5281-43FF-898F-B9E6EFA4035E}.Release|x86.Build.0 = Release|Any CPU
	EndGlobalSection
	GlobalSection(SolutionProperties) = preSolution
		HideSolutionNode = FALSE
	EndGlobalSection
	GlobalSection(NestedProjects) = preSolution
		{6306A8FB-679E-111F-6585-8F70E0EE6013} = {827E0CD3-B72D-47B6-A68D-7590B98EB39B}
		{98E25C14-EEB5-47D7-9854-C55B61ACB5FB} = {6306A8FB-679E-111F-6585-8F70E0EE6013}
		{984BB9B3-3FA3-BE33-9484-CAC21695A33C} = {827E0CD3-B72D-47B6-A68D-7590B98EB39B}
		{B2F6D6BC-2E0B-79A5-9616-960E114BE173} = {984BB9B3-3FA3-BE33-9484-CAC21695A33C}
		{A7F614A1-40FB-4FDF-A668-7E659D4343C2} = {B2F6D6BC-2E0B-79A5-9616-960E114BE173}
		{BE758335-7C4C-41C8-8858-FD5F8A8DAC3D} = {B2F6D6BC-2E0B-79A5-9616-960E114BE173}
		{3ADBE76A-A423-4497-BD90-84A1C4B3699B} = {B2F6D6BC-2E0B-79A5-9616-960E114BE173}
		{C8E42992-5E42-0C2B-DBFE-AA848D06431C} = {827E0CD3-B72D-47B6-A68D-7590B98EB39B}
		{0ECAF9F9-0C6E-4AF5-89E6-46BC27407ADC} = {C8E42992-5E42-0C2B-DBFE-AA848D06431C}
		{14CC216D-D62B-4EE1-BAB4-8D7BC28DA426} = {C8E42992-5E42-0C2B-DBFE-AA848D06431C}
		{FAB7B26C-4BD2-4C02-89BE-F6CB8EAEFE96} = {C8E42992-5E42-0C2B-DBFE-AA848D06431C}
		{3E5C8DF4-CECB-4263-860C-F56A8AC42F55} = {C8E42992-5E42-0C2B-DBFE-AA848D06431C}
		{CC08E61D-15D1-4498-A3B7-08FA12EE22BA} = {C8E42992-5E42-0C2B-DBFE-AA848D06431C}
		{4B52C87B-410E-41B2-854C-7618A41856D1} = {C8E42992-5E42-0C2B-DBFE-AA848D06431C}
		{E354C44D-A9AA-430A-B1E1-D704B63F4349} = {C8E42992-5E42-0C2B-DBFE-AA848D06431C}
		{1BFC9479-12BF-35C3-06B8-42D89D95092B} = {984BB9B3-3FA3-BE33-9484-CAC21695A33C}
		{5CF265FA-EE01-4315-96D3-84B7895FC579} = {1BFC9479-12BF-35C3-06B8-42D89D95092B}
		{9FEF7CC3-4EDB-4CE7-8EB4-11286753B643} = {1BFC9479-12BF-35C3-06B8-42D89D95092B}
		{AD078B59-F5A0-484B-ADBC-B28F2CC73922} = {1BFC9479-12BF-35C3-06B8-42D89D95092B}
		{66530117-99CD-43BE-A5E7-650B627C05F6} = {1BFC9479-12BF-35C3-06B8-42D89D95092B}
		{92F42DAB-CD95-DEFE-A96E-37B7027D6435} = {984BB9B3-3FA3-BE33-9484-CAC21695A33C}
		{2D8017FB-4F9A-4434-9CE6-4C497D4F0636} = {92F42DAB-CD95-DEFE-A96E-37B7027D6435}
		{95A9F794-770E-442E-9D60-3625B1EB5A70} = {92F42DAB-CD95-DEFE-A96E-37B7027D6435}
		{DFCEFC75-CA49-418C-807F-2524D3664722} = {92F42DAB-CD95-DEFE-A96E-37B7027D6435}
		{A10ADA67-D42A-43C8-B52A-D4E14B8D8F58} = {92F42DAB-CD95-DEFE-A96E-37B7027D6435}
		{8EA49C2B-A984-EA72-4646-7E60B35BA0FC} = {984BB9B3-3FA3-BE33-9484-CAC21695A33C}
		{45405A3A-3069-4DB7-80FC-2D0E794920CE} = {8EA49C2B-A984-EA72-4646-7E60B35BA0FC}
		{736512B9-75BD-4E42-88B8-DE84688D6AAD} = {8EA49C2B-A984-EA72-4646-7E60B35BA0FC}
		{C43BCB45-B6E4-49CF-90A1-625F14EE6A9B} = {8EA49C2B-A984-EA72-4646-7E60B35BA0FC}
		{8C234AFB-DE4C-4E25-A609-79EB5EB11621} = {8EA49C2B-A984-EA72-4646-7E60B35BA0FC}
		{C5FBE174-8E0F-F5A3-B929-8BD0C55C0A32} = {984BB9B3-3FA3-BE33-9484-CAC21695A33C}
		{1B89D5B2-91E9-4284-9948-406AACF6B10E} = {C5FBE174-8E0F-F5A3-B929-8BD0C55C0A32}
		{83733597-E04A-4825-A601-F5FF9AE1DD7C} = {C5FBE174-8E0F-F5A3-B929-8BD0C55C0A32}
		{4FD76A3A-A07D-4FEE-91C7-C98C4D0D1C4F} = {C5FBE174-8E0F-F5A3-B929-8BD0C55C0A32}
		{2A203BCC-7D3F-4D97-9935-16E590A9FE31} = {C5FBE174-8E0F-F5A3-B929-8BD0C55C0A32}
		{946C6459-E9BE-82F4-B64C-18C7DF3C0D5C} = {984BB9B3-3FA3-BE33-9484-CAC21695A33C}
		{E75E749F-B5E3-493D-9244-6EA5C7F41FD8} = {946C6459-E9BE-82F4-B64C-18C7DF3C0D5C}
		{4E5549E5-8E28-4746-87DB-F160DEEF9A6D} = {946C6459-E9BE-82F4-B64C-18C7DF3C0D5C}
		{522B7ED1-6633-4CCC-95FC-5018C4125EFA} = {946C6459-E9BE-82F4-B64C-18C7DF3C0D5C}
		{C8E237E4-39D2-459E-B0EA-002FCF9FA031} = {946C6459-E9BE-82F4-B64C-18C7DF3C0D5C}
		{74BE356B-61CD-6194-6CB5-7788A446B19E} = {984BB9B3-3FA3-BE33-9484-CAC21695A33C}
		{2B2725D6-6FF0-4ED8-9821-2C088F0621B6} = {74BE356B-61CD-6194-6CB5-7788A446B19E}
		{4632A36D-3F30-4211-80DD-82ED40F49BB2} = {74BE356B-61CD-6194-6CB5-7788A446B19E}
		{E425C81E-D797-48E7-8D50-F6908AC1BCCB} = {74BE356B-61CD-6194-6CB5-7788A446B19E}
		{FAA26A5A-5C9D-4135-ADAB-0031189F34C7} = {74BE356B-61CD-6194-6CB5-7788A446B19E}
		{A4401965-5809-5141-2D9E-29A141B8CC83} = {984BB9B3-3FA3-BE33-9484-CAC21695A33C}
		{07C7B870-88D0-4BB1-BC45-4F51A8EF25A1} = {A4401965-5809-5141-2D9E-29A141B8CC83}
		{690B5EF3-46BC-4CF9-83A5-9FA2689D1ED5} = {A4401965-5809-5141-2D9E-29A141B8CC83}
		{07BC976C-8414-482C-B796-170D0D42A4FE} = {A4401965-5809-5141-2D9E-29A141B8CC83}
		{576ADECC-0CED-4F3A-A5EA-DB825E5C3196} = {A4401965-5809-5141-2D9E-29A141B8CC83}
		{CDD6CF06-D998-4679-B40F-35B309C1D655} = {0AB3BF05-4346-4AA6-1389-037BE0695223}
		{BB7E44AC-5281-43FF-898F-B9E6EFA4035E} = {0AB3BF05-4346-4AA6-1389-037BE0695223}
	EndGlobalSection
EndGlobal
